// !$*UTF8*$!
{
	archiveVersion = 1;
	classes = {
	};
	objectVersion = 50;
	objects = {

/* Begin PBXBuildFile section */
		BF7AE9682429DF8C00C1736F /* AppDelegate.swift in Sources */ = {isa = PBXBuildFile; fileRef = BF7AE9672429DF8C00C1736F /* AppDelegate.swift */; };
		BF7AE96A2429DF8C00C1736F /* ViewController.swift in Sources */ = {isa = PBXBuildFile; fileRef = BF7AE9692429DF8C00C1736F /* ViewController.swift */; };
		BF7AE96C2429DF8E00C1736F /* Assets.xcassets in Resources */ = {isa = PBXBuildFile; fileRef = BF7AE96B2429DF8E00C1736F /* Assets.xcassets */; };
		BF7AE96F2429DF8E00C1736F /* Main.storyboard in Resources */ = {isa = PBXBuildFile; fileRef = BF7AE96D2429DF8E00C1736F /* Main.storyboard */; };
		BF7AE97B2429DF8E00C1736F /* WindowDemoTests.swift in Sources */ = {isa = PBXBuildFile; fileRef = BF7AE97A2429DF8E00C1736F /* WindowDemoTests.swift */; };
		BF7AE9862429DF8E00C1736F /* WindowDemoUITests.swift in Sources */ = {isa = PBXBuildFile; fileRef = BF7AE9852429DF8E00C1736F /* WindowDemoUITests.swift */; };
/* End PBXBuildFile section */

/* Begin PBXContainerItemProxy section */
		BF7AE9772429DF8E00C1736F /* PBXContainerItemProxy */ = {
			isa = PBXContainerItemProxy;
			containerPortal = BF7AE95C2429DF8C00C1736F /* Project object */;
			proxyType = 1;
			remoteGlobalIDString = BF7AE9632429DF8C00C1736F;
			remoteInfo = WindowDemo;
		};
		BF7AE9822429DF8E00C1736F /* PBXContainerItemProxy */ = {
			isa = PBXContainerItemProxy;
			containerPortal = BF7AE95C2429DF8C00C1736F /* Project object */;
			proxyType = 1;
			remoteGlobalIDString = BF7AE9632429DF8C00C1736F;
			remoteInfo = WindowDemo;
		};
/* End PBXContainerItemProxy section */

/* Begin PBXFileReference section */
		BF7AE9642429DF8C00C1736F /* WindowDemo.app */ = {isa = PBXFileReference; explicitFileType = wrapper.application; includeInIndex = 0; path = WindowDemo.app; sourceTree = BUILT_PRODUCTS_DIR; };
		BF7AE9672429DF8C00C1736F /* AppDelegate.swift */ = {isa = PBXFileReference; lastKnownFileType = sourcecode.swift; path = AppDelegate.swift; sourceTree = "<group>"; };
		BF7AE9692429DF8C00C1736F /* ViewController.swift */ = {isa = PBXFileReference; lastKnownFileType = sourcecode.swift; path = ViewController.swift; sourceTree = "<group>"; };
		BF7AE96B2429DF8E00C1736F /* Assets.xcassets */ = {isa = PBXFileReference; lastKnownFileType = folder.assetcatalog; path = Assets.xcassets; sourceTree = "<group>"; };
		BF7AE96E2429DF8E00C1736F /* Base */ = {isa = PBXFileReference; lastKnownFileType = file.storyboard; name = Base; path = Base.lproj/Main.storyboard; sourceTree = "<group>"; };
		BF7AE9702429DF8E00C1736F /* Info.plist */ = {isa = PBXFileReference; lastKnownFileType = text.plist.xml; path = Info.plist; sourceTree = "<group>"; };
		BF7AE9712429DF8E00C1736F /* WindowDemo.entitlements */ = {isa = PBXFileReference; lastKnownFileType = text.plist.entitlements; path = WindowDemo.entitlements; sourceTree = "<group>"; };
		BF7AE9762429DF8E00C1736F /* WindowDemoTests.xctest */ = {isa = PBXFileReference; explicitFileType = wrapper.cfbundle; includeInIndex = 0; path = WindowDemoTests.xctest; sourceTree = BUILT_PRODUCTS_DIR; };
		BF7AE97A2429DF8E00C1736F /* WindowDemoTests.swift */ = {isa = PBXFileReference; lastKnownFileType = sourcecode.swift; path = WindowDemoTests.swift; sourceTree = "<group>"; };
		BF7AE97C2429DF8E00C1736F /* Info.plist */ = {isa = PBXFileReference; lastKnownFileType = text.plist.xml; path = Info.plist; sourceTree = "<group>"; };
		BF7AE9812429DF8E00C1736F /* WindowDemoUITests.xctest */ = {isa = PBXFileReference; explicitFileType = wrapper.cfbundle; includeInIndex = 0; path = WindowDemoUITests.xctest; sourceTree = BUILT_PRODUCTS_DIR; };
		BF7AE9852429DF8E00C1736F /* WindowDemoUITests.swift */ = {isa = PBXFileReference; lastKnownFileType = sourcecode.swift; path = WindowDemoUITests.swift; sourceTree = "<group>"; };
		BF7AE9872429DF8E00C1736F /* Info.plist */ = {isa = PBXFileReference; lastKnownFileType = text.plist.xml; path = Info.plist; sourceTree = "<group>"; };
/* End PBXFileReference section */

/* Begin PBXFrameworksBuildPhase section */
		BF7AE9612429DF8C00C1736F /* Frameworks */ = {
			isa = PBXFrameworksBuildPhase;
			buildActionMask = 2147483647;
			files = (
			);
			runOnlyForDeploymentPostprocessing = 0;
		};
		BF7AE9732429DF8E00C1736F /* Frameworks */ = {
			isa = PBXFrameworksBuildPhase;
			buildActionMask = 2147483647;
			files = (
			);
			runOnlyForDeploymentPostprocessing = 0;
		};
		BF7AE97E2429DF8E00C1736F /* Frameworks */ = {
			isa = PBXFrameworksBuildPhase;
			buildActionMask = 2147483647;
			files = (
			);
			runOnlyForDeploymentPostprocessing = 0;
		};
/* End PBXFrameworksBuildPhase section */

/* Begin PBXGroup section */
		BF7AE95B2429DF8C00C1736F = {
			isa = PBXGroup;
			children = (
				BF7AE9662429DF8C00C1736F /* WindowDemo */,
				BF7AE9792429DF8E00C1736F /* WindowDemoTests */,
				BF7AE9842429DF8E00C1736F /* WindowDemoUITests */,
				BF7AE9652429DF8C00C1736F /* Products */,
			);
			sourceTree = "<group>";
		};
		BF7AE9652429DF8C00C1736F /* Products */ = {
			isa = PBXGroup;
			children = (
				BF7AE9642429DF8C00C1736F /* WindowDemo.app */,
				BF7AE9762429DF8E00C1736F /* WindowDemoTests.xctest */,
				BF7AE9812429DF8E00C1736F /* WindowDemoUITests.xctest */,
			);
			name = Products;
			sourceTree = "<group>";
		};
		BF7AE9662429DF8C00C1736F /* WindowDemo */ = {
			isa = PBXGroup;
			children = (
				BF7AE9672429DF8C00C1736F /* AppDelegate.swift */,
				BF7AE9692429DF8C00C1736F /* ViewController.swift */,
				BF7AE96B2429DF8E00C1736F /* Assets.xcassets */,
				BF7AE96D2429DF8E00C1736F /* Main.storyboard */,
				BF7AE9702429DF8E00C1736F /* Info.plist */,
				BF7AE9712429DF8E00C1736F /* WindowDemo.entitlements */,
			);
			path = WindowDemo;
			sourceTree = "<group>";
		};
		BF7AE9792429DF8E00C1736F /* WindowDemoTests */ = {
			isa = PBXGroup;
			children = (
				BF7AE97A2429DF8E00C1736F /* WindowDemoTests.swift */,
				BF7AE97C2429DF8E00C1736F /* Info.plist */,
			);
			path = WindowDemoTests;
			sourceTree = "<group>";
		};
		BF7AE9842429DF8E00C1736F /* WindowDemoUITests */ = {
			isa = PBXGroup;
			children = (
				BF7AE9852429DF8E00C1736F /* WindowDemoUITests.swift */,
				BF7AE9872429DF8E00C1736F /* Info.plist */,
			);
			path = WindowDemoUITests;
			sourceTree = "<group>";
		};
/* End PBXGroup section */

/* Begin PBXNativeTarget section */
		BF7AE9632429DF8C00C1736F /* WindowDemo */ = {
			isa = PBXNativeTarget;
			buildConfigurationList = BF7AE98A2429DF8E00C1736F /* Build configuration list for PBXNativeTarget "WindowDemo" */;
			buildPhases = (
				BF7AE9602429DF8C00C1736F /* Sources */,
				BF7AE9612429DF8C00C1736F /* Frameworks */,
				BF7AE9622429DF8C00C1736F /* Resources */,
			);
			buildRules = (
			);
			dependencies = (
			);
			name = WindowDemo;
			productName = WindowDemo;
			productReference = BF7AE9642429DF8C00C1736F /* WindowDemo.app */;
			productType = "com.apple.product-type.application";
		};
		BF7AE9752429DF8E00C1736F /* WindowDemoTests */ = {
			isa = PBXNativeTarget;
			buildConfigurationList = BF7AE98D2429DF8E00C1736F /* Build configuration list for PBXNativeTarget "WindowDemoTests" */;
			buildPhases = (
				BF7AE9722429DF8E00C1736F /* Sources */,
				BF7AE9732429DF8E00C1736F /* Frameworks */,
				BF7AE9742429DF8E00C1736F /* Resources */,
			);
			buildRules = (
			);
			dependencies = (
				BF7AE9782429DF8E00C1736F /* PBXTargetDependency */,
			);
			name = WindowDemoTests;
			productName = WindowDemoTests;
			productReference = BF7AE9762429DF8E00C1736F /* WindowDemoTests.xctest */;
			productType = "com.apple.product-type.bundle.unit-test";
		};
		BF7AE9802429DF8E00C1736F /* WindowDemoUITests */ = {
			isa = PBXNativeTarget;
			buildConfigurationList = BF7AE9902429DF8E00C1736F /* Build configuration list for PBXNativeTarget "WindowDemoUITests" */;
			buildPhases = (
				BF7AE97D2429DF8E00C1736F /* Sources */,
				BF7AE97E2429DF8E00C1736F /* Frameworks */,
				BF7AE97F2429DF8E00C1736F /* Resources */,
			);
			buildRules = (
			);
			dependencies = (
				BF7AE9832429DF8E00C1736F /* PBXTargetDependency */,
			);
			name = WindowDemoUITests;
			productName = WindowDemoUITests;
			productReference = BF7AE9812429DF8E00C1736F /* WindowDemoUITests.xctest */;
			productType = "com.apple.product-type.bundle.ui-testing";
		};
/* End PBXNativeTarget section */

/* Begin PBXProject section */
		BF7AE95C2429DF8C00C1736F /* Project object */ = {
			isa = PBXProject;
			attributes = {
				LastSwiftUpdateCheck = 1130;
				LastUpgradeCheck = 1130;
				ORGANIZATIONNAME = etiantian;
				TargetAttributes = {
					BF7AE9632429DF8C00C1736F = {
						CreatedOnToolsVersion = 11.3.1;
					};
					BF7AE9752429DF8E00C1736F = {
						CreatedOnToolsVersion = 11.3.1;
						TestTargetID = BF7AE9632429DF8C00C1736F;
					};
					BF7AE9802429DF8E00C1736F = {
						CreatedOnToolsVersion = 11.3.1;
						TestTargetID = BF7AE9632429DF8C00C1736F;
					};
				};
			};
			buildConfigurationList = BF7AE95F2429DF8C00C1736F /* Build configuration list for PBXProject "WindowDemo" */;
			compatibilityVersion = "Xcode 9.3";
			developmentRegion = en;
			hasScannedForEncodings = 0;
			knownRegions = (
				en,
				Base,
			);
			mainGroup = BF7AE95B2429DF8C00C1736F;
			productRefGroup = BF7AE9652429DF8C00C1736F /* Products */;
			projectDirPath = "";
			projectRoot = "";
			targets = (
				BF7AE9632429DF8C00C1736F /* WindowDemo */,
				BF7AE9752429DF8E00C1736F /* WindowDemoTests */,
				BF7AE9802429DF8E00C1736F /* WindowDemoUITests */,
			);
		};
/* End PBXProject section */

/* Begin PBXResourcesBuildPhase section */
		BF7AE9622429DF8C00C1736F /* Resources */ = {
			isa = PBXResourcesBuildPhase;
			buildActionMask = 2147483647;
			files = (
				BF7AE96C2429DF8E00C1736F /* Assets.xcassets in Resources */,
				BF7AE96F2429DF8E00C1736F /* Main.storyboard in Resources */,
			);
			runOnlyForDeploymentPostprocessing = 0;
		};
		BF7AE9742429DF8E00C1736F /* Resources */ = {
			isa = PBXResourcesBuildPhase;
			buildActionMask = 2147483647;
			files = (
			);
			runOnlyForDeploymentPostprocessing = 0;
		};
		BF7AE97F2429DF8E00C1736F /* Resources */ = {
			isa = PBXResourcesBuildPhase;
			buildActionMask = 2147483647;
			files = (
			);
			runOnlyForDeploymentPostprocessing = 0;
		};
/* End PBXResourcesBuildPhase section */

/* Begin PBXSourcesBuildPhase section */
		BF7AE9602429DF8C00C1736F /* Sources */ = {
			isa = PBXSourcesBuildPhase;
			buildActionMask = 2147483647;
			files = (
				BF7AE96A2429DF8C00C1736F /* ViewController.swift in Sources */,
				BF7AE9682429DF8C00C1736F /* AppDelegate.swift in Sources */,
			);
			runOnlyForDeploymentPostprocessing = 0;
		};
		BF7AE9722429DF8E00C1736F /* Sources */ = {
			isa = PBXSourcesBuildPhase;
			buildActionMask = 2147483647;
			files = (
				BF7AE97B2429DF8E00C1736F /* WindowDemoTests.swift in Sources */,
			);
			runOnlyForDeploymentPostprocessing = 0;
		};
		BF7AE97D2429DF8E00C1736F /* Sources */ = {
			isa = PBXSourcesBuildPhase;
			buildActionMask = 2147483647;
			files = (
				BF7AE9862429DF8E00C1736F /* WindowDemoUITests.swift in Sources */,
			);
			runOnlyForDeploymentPostprocessing = 0;
		};
/* End PBXSourcesBuildPhase section */

/* Begin PBXTargetDependency section */
		BF7AE9782429DF8E00C1736F /* PBXTargetDependency */ = {
			isa = PBXTargetDependency;
			target = BF7AE9632429DF8C00C1736F /* WindowDemo */;
			targetProxy = BF7AE9772429DF8E00C1736F /* PBXContainerItemProxy */;
		};
		BF7AE9832429DF8E00C1736F /* PBXTargetDependency */ = {
			isa = PBXTargetDependency;
			target = BF7AE9632429DF8C00C1736F /* WindowDemo */;
			targetProxy = BF7AE9822429DF8E00C1736F /* PBXContainerItemProxy */;
		};
/* End PBXTargetDependency section */

/* Begin PBXVariantGroup section */
		BF7AE96D2429DF8E00C1736F /* Main.storyboard */ = {
			isa = PBXVariantGroup;
			children = (
				BF7AE96E2429DF8E00C1736F /* Base */,
			);
			name = Main.storyboard;
			sourceTree = "<group>";
		};
/* End PBXVariantGroup section */

/* Begin XCBuildConfiguration section */
		BF7AE9882429DF8E00C1736F /* Debug */ = {
			isa = XCBuildConfiguration;
			buildSettings = {
				ALWAYS_SEARCH_USER_PATHS = NO;
				CLANG_ANALYZER_NONNULL = YES;
				CLANG_ANALYZER_NUMBER_OBJECT_CONVERSION = YES_AGGRESSIVE;
				CLANG_CXX_LANGUAGE_STANDARD = "gnu++14";
				CLANG_CXX_LIBRARY = "libc++";
				CLANG_ENABLE_MODULES = YES;
				CLANG_ENABLE_OBJC_ARC = YES;
				CLANG_ENABLE_OBJC_WEAK = YES;
				CLANG_WARN_BLOCK_CAPTURE_AUTORELEASING = YES;
				CLANG_WARN_BOOL_CONVERSION = YES;
				CLANG_WARN_COMMA = YES;
				CLANG_WARN_CONSTANT_CONVERSION = YES;
				CLANG_WARN_DEPRECATED_OBJC_IMPLEMENTATIONS = YES;
				CLANG_WARN_DIRECT_OBJC_ISA_USAGE = YES_ERROR;
				CLANG_WARN_DOCUMENTATION_COMMENTS = YES;
				CLANG_WARN_EMPTY_BODY = YES;
				CLANG_WARN_ENUM_CONVERSION = YES;
				CLANG_WARN_INFINITE_RECURSION = YES;
				CLANG_WARN_INT_CONVERSION = YES;
				CLANG_WARN_NON_LITERAL_NULL_CONVERSION = YES;
				CLANG_WARN_OBJC_IMPLICIT_RETAIN_SELF = YES;
				CLANG_WARN_OBJC_LITERAL_CONVERSION = YES;
				CLANG_WARN_OBJC_ROOT_CLASS = YES_ERROR;
				CLANG_WARN_RANGE_LOOP_ANALYSIS = YES;
				CLANG_WARN_STRICT_PROTOTYPES = YES;
				CLANG_WARN_SUSPICIOUS_MOVE = YES;
				CLANG_WARN_UNGUARDED_AVAILABILITY = YES_AGGRESSIVE;
				CLANG_WARN_UNREACHABLE_CODE = YES;
				CLANG_WARN__DUPLICATE_METHOD_MATCH = YES;
				COPY_PHASE_STRIP = NO;
				DEBUG_INFORMATION_FORMAT = dwarf;
				ENABLE_STRICT_OBJC_MSGSEND = YES;
				ENABLE_TESTABILITY = YES;
				GCC_C_LANGUAGE_STANDARD = gnu11;
				GCC_DYNAMIC_NO_PIC = NO;
				GCC_NO_COMMON_BLOCKS = YES;
				GCC_OPTIMIZATION_LEVEL = 0;
				GCC_PREPROCESSOR_DEFINITIONS = (
					"DEBUG=1",
					"$(inherited)",
				);
				GCC_WARN_64_TO_32_BIT_CONVERSION = YES;
				GCC_WARN_ABOUT_RETURN_TYPE = YES_ERROR;
				GCC_WARN_UNDECLARED_SELECTOR = YES;
				GCC_WARN_UNINITIALIZED_AUTOS = YES_AGGRESSIVE;
				GCC_WARN_UNUSED_FUNCTION = YES;
				GCC_WARN_UNUSED_VARIABLE = YES;
				MACOSX_DEPLOYMENT_TARGET = 10.15;
				MTL_ENABLE_DEBUG_INFO = INCLUDE_SOURCE;
				MTL_FAST_MATH = YES;
				ONLY_ACTIVE_ARCH = YES;
				SDKROOT = macosx;
				SWIFT_ACTIVE_COMPILATION_CONDITIONS = DEBUG;
				SWIFT_OPTIMIZATION_LEVEL = "-Onone";
			};
			name = Debug;
		};
		BF7AE9892429DF8E00C1736F /* Release */ = {
			isa = XCBuildConfiguration;
			buildSettings = {
				ALWAYS_SEARCH_USER_PATHS = NO;
				CLANG_ANALYZER_NONNULL = YES;
				CLANG_ANALYZER_NUMBER_OBJECT_CONVERSION = YES_AGGRESSIVE;
				CLANG_CXX_LANGUAGE_STANDARD = "gnu++14";
				CLANG_CXX_LIBRARY = "libc++";
				CLANG_ENABLE_MODULES = YES;
				CLANG_ENABLE_OBJC_ARC = YES;
				CLANG_ENABLE_OBJC_WEAK = YES;
				CLANG_WARN_BLOCK_CAPTURE_AUTORELEASING = YES;
				CLANG_WARN_BOOL_CONVERSION = YES;
				CLANG_WARN_COMMA = YES;
				CLANG_WARN_CONSTANT_CONVERSION = YES;
				CLANG_WARN_DEPRECATED_OBJC_IMPLEMENTATIONS = YES;
				CLANG_WARN_DIRECT_OBJC_ISA_USAGE = YES_ERROR;
				CLANG_WARN_DOCUMENTATION_COMMENTS = YES;
				CLANG_WARN_EMPTY_BODY = YES;
				CLANG_WARN_ENUM_CONVERSION = YES;
				CLANG_WARN_INFINITE_RECURSION = YES;
				CLANG_WARN_INT_CONVERSION = YES;
				CLANG_WARN_NON_LITERAL_NULL_CONVERSION = YES;
				CLANG_WARN_OBJC_IMPLICIT_RETAIN_SELF = YES;
				CLANG_WARN_OBJC_LITERAL_CONVERSION = YES;
				CLANG_WARN_OBJC_ROOT_CLASS = YES_ERROR;
				CLANG_WARN_RANGE_LOOP_ANALYSIS = YES;
				CLANG_WARN_STRICT_PROTOTYPES = YES;
				CLANG_WARN_SUSPICIOUS_MOVE = YES;
				CLANG_WARN_UNGUARDED_AVAILABILITY = YES_AGGRESSIVE;
				CLANG_WARN_UNREACHABLE_CODE = YES;
				CLANG_WARN__DUPLICATE_METHOD_MATCH = YES;
				COPY_PHASE_STRIP = NO;
				DEBUG_INFORMATION_FORMAT = "dwarf-with-dsym";
				ENABLE_NS_ASSERTIONS = NO;
				ENABLE_STRICT_OBJC_MSGSEND = YES;
				GCC_C_LANGUAGE_STANDARD = gnu11;
				GCC_NO_COMMON_BLOCKS = YES;
				GCC_WARN_64_TO_32_BIT_CONVERSION = YES;
				GCC_WARN_ABOUT_RETURN_TYPE = YES_ERROR;
				GCC_WARN_UNDECLARED_SELECTOR = YES;
				GCC_WARN_UNINITIALIZED_AUTOS = YES_AGGRESSIVE;
				GCC_WARN_UNUSED_FUNCTION = YES;
				GCC_WARN_UNUSED_VARIABLE = YES;
				MACOSX_DEPLOYMENT_TARGET = 10.15;
				MTL_ENABLE_DEBUG_INFO = NO;
				MTL_FAST_MATH = YES;
				SDKROOT = macosx;
				SWIFT_COMPILATION_MODE = wholemodule;
				SWIFT_OPTIMIZATION_LEVEL = "-O";
			};
			name = Release;
		};
		BF7AE98B2429DF8E00C1736F /* Debug */ = {
			isa = XCBuildConfiguration;
			buildSettings = {
				ASSETCATALOG_COMPILER_APPICON_NAME = AppIcon;
				CODE_SIGN_ENTITLEMENTS = WindowDemo/WindowDemo.entitlements;
				CODE_SIGN_STYLE = Automatic;
				COMBINE_HIDPI_IMAGES = YES;
				DEVELOPMENT_TEAM = 4XP6U9X87N;
				ENABLE_HARDENED_RUNTIME = YES;
				INFOPLIST_FILE = WindowDemo/Info.plist;
				LD_RUNPATH_SEARCH_PATHS = (
					"$(inherited)",
					"@executable_path/../Frameworks",
				);
				PRODUCT_BUNDLE_IDENTIFIER = com.etiantian.WindowDemo;
				PRODUCT_NAME = "$(TARGET_NAME)";
				SWIFT_VERSION = 5.0;
			};
			name = Debug;
		};
		BF7AE98C2429DF8E00C1736F /* Release */ = {
			isa = XCBuildConfiguration;
			buildSettings = {
				ASSETCATALOG_COMPILER_APPICON_NAME = AppIcon;
				CODE_SIGN_ENTITLEMENTS = WindowDemo/WindowDemo.entitlements;
				CODE_SIGN_STYLE = Automatic;
				COMBINE_HIDPI_IMAGES = YES;
				DEVELOPMENT_TEAM = 4XP6U9X87N;
				ENABLE_HARDENED_RUNTIME = YES;
				INFOPLIST_FILE = WindowDemo/Info.plist;
				LD_RUNPATH_SEARCH_PATHS = (
					"$(inherited)",
					"@executable_path/../Frameworks",
				);
				PRODUCT_BUNDLE_IDENTIFIER = com.etiantian.WindowDemo;
				PRODUCT_NAME = "$(TARGET_NAME)";
				SWIFT_VERSION = 5.0;
			};
			name = Release;
		};
		BF7AE98E2429DF8E00C1736F /* Debug */ = {
			isa = XCBuildConfiguration;
			buildSettings = {
				ALWAYS_EMBED_SWIFT_STANDARD_LIBRARIES = YES;
				BUNDLE_LOADER = "$(TEST_HOST)";
				CODE_SIGN_STYLE = Automatic;
				COMBINE_HIDPI_IMAGES = YES;
				DEVELOPMENT_TEAM = 4XP6U9X87N;
				INFOPLIST_FILE = WindowDemoTests/Info.plist;
				LD_RUNPATH_SEARCH_PATHS = (
					"$(inherited)",
					"@executable_path/../Frameworks",
					"@loader_path/../Frameworks",
				);
				MACOSX_DEPLOYMENT_TARGET = 10.15;
				PRODUCT_BUNDLE_IDENTIFIER = com.etiantian.WindowDemoTests;
				PRODUCT_NAME = "$(TARGET_NAME)";
				SWIFT_VERSION = 5.0;
				TEST_HOST = "$(BUILT_PRODUCTS_DIR)/WindowDemo.app/Contents/MacOS/WindowDemo";
			};
			name = Debug;
		};
		BF7AE98F2429DF8E00C1736F /* Release */ = {
			isa = XCBuildConfiguration;
			buildSettings = {
				ALWAYS_EMBED_SWIFT_STANDARD_LIBRARIES = YES;
				BUNDLE_LOADER = "$(TEST_HOST)";
				CODE_SIGN_STYLE = Automatic;
				COMBINE_HIDPI_IMAGES = YES;
				DEVELOPMENT_TEAM = 4XP6U9X87N;
				INFOPLIST_FILE = WindowDemoTests/Info.plist;
				LD_RUNPATH_SEARCH_PATHS = (
					"$(inherited)",
					"@executable_path/../Frameworks",
					"@loader_path/../Frameworks",
				);
				MACOSX_DEPLOYMENT_TARGET = 10.15;
				PRODUCT_BUNDLE_IDENTIFIER = com.etiantian.WindowDemoTests;
				PRODUCT_NAME = "$(TARGET_NAME)";
				SWIFT_VERSION = 5.0;
				TEST_HOST = "$(BUILT_PRODUCTS_DIR)/WindowDemo.app/Contents/MacOS/WindowDemo";
			};
			name = Release;
		};
		BF7AE9912429DF8E00C1736F /* Debug */ = {
			isa = XCBuildConfiguration;
			buildSettings = {
				ALWAYS_EMBED_SWIFT_STANDARD_LIBRARIES = YES;
				CODE_SIGN_STYLE = Automatic;
				COMBINE_HIDPI_IMAGES = YES;
				DEVELOPMENT_TEAM = 4XP6U9X87N;
				INFOPLIST_FILE = WindowDemoUITests/Info.plist;
				LD_RUNPATH_SEARCH_PATHS = (
					"$(inherited)",
					"@executable_path/../Frameworks",
					"@loader_path/../Frameworks",
				);
				PRODUCT_BUNDLE_IDENTIFIER = com.etiantian.WindowDemoUITests;
				PRODUCT_NAME = "$(TARGET_NAME)";
				SWIFT_VERSION = 5.0;
				TEST_TARGET_NAME = WindowDemo;
			};
			name = Debug;
		};
		BF7AE9922429DF8E00C1736F /* Release */ = {
			isa = XCBuildConfiguration;
			buildSettings = {
				ALWAYS_EMBED_SWIFT_STANDARD_LIBRARIES = YES;
				CODE_SIGN_STYLE = Automatic;
				COMBINE_HIDPI_IMAGES = YES;
				DEVELOPMENT_TEAM = 4XP6U9X87N;
				INFOPLIST_FILE = WindowDemoUITests/Info.plist;
				LD_RUNPATH_SEARCH_PATHS = (
					"$(inherited)",
					"@executable_path/../Frameworks",
					"@loader_path/../Frameworks",
				);
				PRODUCT_BUNDLE_IDENTIFIER = com.etiantian.WindowDemoUITests;
				PRODUCT_NAME = "$(TARGET_NAME)";
				SWIFT_VERSION = 5.0;
				TEST_TARGET_NAME = WindowDemo;
			};
			name = Release;
		};
/* End XCBuildConfiguration section */

/* Begin XCConfigurationList section */
		BF7AE95F2429DF8C00C1736F /* Build configuration list for PBXProject "WindowDemo" */ = {
			isa = XCConfigurationList;
			buildConfigurations = (
				BF7AE9882429DF8E00C1736F /* Debug */,
				BF7AE9892429DF8E00C1736F /* Release */,
			);
			defaultConfigurationIsVisible = 0;
			defaultConfigurationName = Release;
		};
		BF7AE98A2429DF8E00C1736F /* Build configuration list for PBXNativeTarget "WindowDemo" */ = {
			isa = XCConfigurationList;
			buildConfigurations = (
				BF7AE98B2429DF8E00C1736F /* Debug */,
				BF7AE98C2429DF8E00C1736F /* Release */,
			);
			defaultConfigurationIsVisible = 0;
			defaultConfigurationName = Release;
		};
		BF7AE98D2429DF8E00C1736F /* Build configuration list for PBXNativeTarget "WindowDemoTests" */ = {
			isa = XCConfigurationList;
			buildConfigurations = (
				BF7AE98E2429DF8E00C1736F /* Debug */,
				BF7AE98F2429DF8E00C1736F /* Release */,
			);
			defaultConfigurationIsVisible = 0;
			defaultConfigurationName = Release;
		};
		BF7AE9902429DF8E00C1736F /* Build configuration list for PBXNativeTarget "WindowDemoUITests" */ = {
			isa = XCConfigurationList;
			buildConfigurations = (
				BF7AE9912429DF8E00C1736F /* Debug */,
				BF7AE9922429DF8E00C1736F /* Release */,
			);
			defaultConfigurationIsVisible = 0;
			defaultConfigurationName = Release;
		};
/* End XCConfigurationList section */
	};
	rootObject = BF7AE95C2429DF8C00C1736F /* Project object */;
}
