// !$*UTF8*$!
{
	archiveVersion = 1;
	classes = {
	};
	objectVersion = 51;
	objects = {

/* Begin PBXBuildFile section */
		A6BCCD301761E7C7042D18E0 /* Pods_Chat.framework in Frameworks */ = {isa = PBXBuildFile; fileRef = 770D9670D41EAE44C20DC2F7 /* Pods_Chat.framework */; };
		BF292F03244ED3F100676E51 /* AppDelegate.swift in Sources */ = {isa = PBXBuildFile; fileRef = BF292F02244ED3F100676E51 /* AppDelegate.swift */; };
		BF292F07244ED3F300676E51 /* Assets.xcassets in Resources */ = {isa = PBXBuildFile; fileRef = BF292F06244ED3F300676E51 /* Assets.xcassets */; };
		BF292F0A244ED3F300676E51 /* Main.storyboard in Resources */ = {isa = PBXBuildFile; fileRef = BF292F08244ED3F300676E51 /* Main.storyboard */; };
		BF292F13244ED4AD00676E51 /* MainWindowController.swift in Sources */ = {isa = PBXBuildFile; fileRef = BF292F12244ED4AD00676E51 /* MainWindowController.swift */; };
		BF292F18244EDF3100676E51 /* SearchContainerView.swift in Sources */ = {isa = PBXBuildFile; fileRef = BF292F17244EDF3100676E51 /* SearchContainerView.swift */; };
		BF7CEB27245162B5000CD4E0 /* NSTextFieldExtension.swift in Sources */ = {isa = PBXBuildFile; fileRef = BF7CEB26245162B5000CD4E0 /* NSTextFieldExtension.swift */; };
		BFE1CAE5244FC9E600F55BD3 /* ToolbarContainerView.swift in Sources */ = {isa = PBXBuildFile; fileRef = BFE1CAE4244FC9E600F55BD3 /* ToolbarContainerView.swift */; };
		BFE1CAE8244FD1E600F55BD3 /* SearchPopoverViewController.swift in Sources */ = {isa = PBXBuildFile; fileRef = BFE1CAE6244FD1E600F55BD3 /* SearchPopoverViewController.swift */; };
		BFE1CAE9244FD1E600F55BD3 /* SearchPopoverViewController.xib in Resources */ = {isa = PBXBuildFile; fileRef = BFE1CAE7244FD1E600F55BD3 /* SearchPopoverViewController.xib */; };
		BFE1CAF0244FDD3500F55BD3 /* AddNewChatViewController.swift in Sources */ = {isa = PBXBuildFile; fileRef = BFE1CAEE244FDD3500F55BD3 /* AddNewChatViewController.swift */; };
		BFE1CAF1244FDD3500F55BD3 /* AddNewChatViewController.xib in Resources */ = {isa = PBXBuildFile; fileRef = BFE1CAEF244FDD3500F55BD3 /* AddNewChatViewController.xib */; };
		BFE1CB00244FF89200F55BD3 /* FriendContainerViewController.swift in Sources */ = {isa = PBXBuildFile; fileRef = BFE1CAFE244FF89200F55BD3 /* FriendContainerViewController.swift */; };
		BFE1CB01244FF89200F55BD3 /* FriendContainerViewController.xib in Resources */ = {isa = PBXBuildFile; fileRef = BFE1CAFF244FF89200F55BD3 /* FriendContainerViewController.xib */; };
		BFE1CB04244FF8A000F55BD3 /* DynamicContainerViewController.swift in Sources */ = {isa = PBXBuildFile; fileRef = BFE1CB02244FF8A000F55BD3 /* DynamicContainerViewController.swift */; };
		BFE1CB05244FF8A000F55BD3 /* DynamicContainerViewController.xib in Resources */ = {isa = PBXBuildFile; fileRef = BFE1CB03244FF8A000F55BD3 /* DynamicContainerViewController.xib */; };
		BFE1CB0824500FF600F55BD3 /* LeftContainerView.swift in Sources */ = {isa = PBXBuildFile; fileRef = BFE1CB0724500FF600F55BD3 /* LeftContainerView.swift */; };
		BFE1CB0A2450114F00F55BD3 /* ChatContainerViewController.swift in Sources */ = {isa = PBXBuildFile; fileRef = BFE1CB092450114F00F55BD3 /* ChatContainerViewController.swift */; };
		BFE1CB0C2450137800F55BD3 /* MiddleContainerView.swift in Sources */ = {isa = PBXBuildFile; fileRef = BFE1CB0B2450137800F55BD3 /* MiddleContainerView.swift */; };
		BFE1CB0E2450138C00F55BD3 /* RightContainerView.swift in Sources */ = {isa = PBXBuildFile; fileRef = BFE1CB0D2450138C00F55BD3 /* RightContainerView.swift */; };
		BFE4F92324528D1B00B88914 /* CollectionViewItem.swift in Sources */ = {isa = PBXBuildFile; fileRef = BFE4F92124528D1B00B88914 /* CollectionViewItem.swift */; };
		BFE4F92424528D1B00B88914 /* CollectionViewItem.xib in Resources */ = {isa = PBXBuildFile; fileRef = BFE4F92224528D1B00B88914 /* CollectionViewItem.xib */; };
		BFE4F9262452DF6300B88914 /* BubbleContainerView.swift in Sources */ = {isa = PBXBuildFile; fileRef = BFE4F9252452DF6300B88914 /* BubbleContainerView.swift */; };
		BFEC0E14245133A00054829C /* RecectChatListModel.swift in Sources */ = {isa = PBXBuildFile; fileRef = BFEC0E13245133A00054829C /* RecectChatListModel.swift */; };
/* End PBXBuildFile section */

/* Begin PBXFileReference section */
		1D1805A154FAFAB80FC5D698 /* Pods-Chat.debug.xcconfig */ = {isa = PBXFileReference; includeInIndex = 1; lastKnownFileType = text.xcconfig; name = "Pods-Chat.debug.xcconfig"; path = "Target Support Files/Pods-Chat/Pods-Chat.debug.xcconfig"; sourceTree = "<group>"; };
		412D853FF1A90F9140AA0CE6 /* Pods-Chat.release.xcconfig */ = {isa = PBXFileReference; includeInIndex = 1; lastKnownFileType = text.xcconfig; name = "Pods-Chat.release.xcconfig"; path = "Target Support Files/Pods-Chat/Pods-Chat.release.xcconfig"; sourceTree = "<group>"; };
		770D9670D41EAE44C20DC2F7 /* Pods_Chat.framework */ = {isa = PBXFileReference; explicitFileType = wrapper.framework; includeInIndex = 0; path = Pods_Chat.framework; sourceTree = BUILT_PRODUCTS_DIR; };
		BF292EFF244ED3F100676E51 /* Chat.app */ = {isa = PBXFileReference; explicitFileType = wrapper.application; includeInIndex = 0; path = Chat.app; sourceTree = BUILT_PRODUCTS_DIR; };
		BF292F02244ED3F100676E51 /* AppDelegate.swift */ = {isa = PBXFileReference; lastKnownFileType = sourcecode.swift; path = AppDelegate.swift; sourceTree = "<group>"; };
		BF292F06244ED3F300676E51 /* Assets.xcassets */ = {isa = PBXFileReference; lastKnownFileType = folder.assetcatalog; path = Assets.xcassets; sourceTree = "<group>"; };
		BF292F09244ED3F300676E51 /* Base */ = {isa = PBXFileReference; lastKnownFileType = file.storyboard; name = Base; path = Base.lproj/Main.storyboard; sourceTree = "<group>"; };
		BF292F0B244ED3F300676E51 /* Info.plist */ = {isa = PBXFileReference; lastKnownFileType = text.plist.xml; path = Info.plist; sourceTree = "<group>"; };
		BF292F0C244ED3F300676E51 /* Chat.entitlements */ = {isa = PBXFileReference; lastKnownFileType = text.plist.entitlements; path = Chat.entitlements; sourceTree = "<group>"; };
		BF292F12244ED4AD00676E51 /* MainWindowController.swift */ = {isa = PBXFileReference; lastKnownFileType = sourcecode.swift; path = MainWindowController.swift; sourceTree = "<group>"; };
		BF292F17244EDF3100676E51 /* SearchContainerView.swift */ = {isa = PBXFileReference; lastKnownFileType = sourcecode.swift; path = SearchContainerView.swift; sourceTree = "<group>"; };
		BF7CEB26245162B5000CD4E0 /* NSTextFieldExtension.swift */ = {isa = PBXFileReference; lastKnownFileType = sourcecode.swift; path = NSTextFieldExtension.swift; sourceTree = "<group>"; };
		BFE1CAE4244FC9E600F55BD3 /* ToolbarContainerView.swift */ = {isa = PBXFileReference; lastKnownFileType = sourcecode.swift; path = ToolbarContainerView.swift; sourceTree = "<group>"; };
		BFE1CAE6244FD1E600F55BD3 /* SearchPopoverViewController.swift */ = {isa = PBXFileReference; lastKnownFileType = sourcecode.swift; path = SearchPopoverViewController.swift; sourceTree = "<group>"; };
		BFE1CAE7244FD1E600F55BD3 /* SearchPopoverViewController.xib */ = {isa = PBXFileReference; lastKnownFileType = file.xib; path = SearchPopoverViewController.xib; sourceTree = "<group>"; };
		BFE1CAEE244FDD3500F55BD3 /* AddNewChatViewController.swift */ = {isa = PBXFileReference; lastKnownFileType = sourcecode.swift; path = AddNewChatViewController.swift; sourceTree = "<group>"; };
		BFE1CAEF244FDD3500F55BD3 /* AddNewChatViewController.xib */ = {isa = PBXFileReference; lastKnownFileType = file.xib; path = AddNewChatViewController.xib; sourceTree = "<group>"; };
		BFE1CAFE244FF89200F55BD3 /* FriendContainerViewController.swift */ = {isa = PBXFileReference; lastKnownFileType = sourcecode.swift; path = FriendContainerViewController.swift; sourceTree = "<group>"; };
		BFE1CAFF244FF89200F55BD3 /* FriendContainerViewController.xib */ = {isa = PBXFileReference; lastKnownFileType = file.xib; path = FriendContainerViewController.xib; sourceTree = "<group>"; };
		BFE1CB02244FF8A000F55BD3 /* DynamicContainerViewController.swift */ = {isa = PBXFileReference; lastKnownFileType = sourcecode.swift; path = DynamicContainerViewController.swift; sourceTree = "<group>"; };
		BFE1CB03244FF8A000F55BD3 /* DynamicContainerViewController.xib */ = {isa = PBXFileReference; lastKnownFileType = file.xib; path = DynamicContainerViewController.xib; sourceTree = "<group>"; };
		BFE1CB0724500FF600F55BD3 /* LeftContainerView.swift */ = {isa = PBXFileReference; lastKnownFileType = sourcecode.swift; path = LeftContainerView.swift; sourceTree = "<group>"; };
		BFE1CB092450114F00F55BD3 /* ChatContainerViewController.swift */ = {isa = PBXFileReference; lastKnownFileType = sourcecode.swift; path = ChatContainerViewController.swift; sourceTree = "<group>"; };
		BFE1CB0B2450137800F55BD3 /* MiddleContainerView.swift */ = {isa = PBXFileReference; lastKnownFileType = sourcecode.swift; path = MiddleContainerView.swift; sourceTree = "<group>"; };
		BFE1CB0D2450138C00F55BD3 /* RightContainerView.swift */ = {isa = PBXFileReference; lastKnownFileType = sourcecode.swift; path = RightContainerView.swift; sourceTree = "<group>"; };
		BFE4F92124528D1B00B88914 /* CollectionViewItem.swift */ = {isa = PBXFileReference; lastKnownFileType = sourcecode.swift; path = CollectionViewItem.swift; sourceTree = "<group>"; };
		BFE4F92224528D1B00B88914 /* CollectionViewItem.xib */ = {isa = PBXFileReference; lastKnownFileType = file.xib; path = CollectionViewItem.xib; sourceTree = "<group>"; };
		BFE4F9252452DF6300B88914 /* BubbleContainerView.swift */ = {isa = PBXFileReference; lastKnownFileType = sourcecode.swift; path = BubbleContainerView.swift; sourceTree = "<group>"; };
		BFEC0E13245133A00054829C /* RecectChatListModel.swift */ = {isa = PBXFileReference; lastKnownFileType = sourcecode.swift; path = RecectChatListModel.swift; sourceTree = "<group>"; };
/* End PBXFileReference section */

/* Begin PBXFrameworksBuildPhase section */
		BF292EFC244ED3F100676E51 /* Frameworks */ = {
			isa = PBXFrameworksBuildPhase;
			buildActionMask = 2147483647;
			files = (
				A6BCCD301761E7C7042D18E0 /* Pods_Chat.framework in Frameworks */,
			);
			runOnlyForDeploymentPostprocessing = 0;
		};
/* End PBXFrameworksBuildPhase section */

/* Begin PBXGroup section */
		1BBB9E72149E3680A4993C96 /* Pods */ = {
			isa = PBXGroup;
			children = (
				1D1805A154FAFAB80FC5D698 /* Pods-Chat.debug.xcconfig */,
				412D853FF1A90F9140AA0CE6 /* Pods-Chat.release.xcconfig */,
			);
			path = Pods;
			sourceTree = "<group>";
		};
		BF292EF6244ED3F100676E51 = {
			isa = PBXGroup;
			children = (
				BF292F01244ED3F100676E51 /* Chat */,
				BF292F00244ED3F100676E51 /* Products */,
				1BBB9E72149E3680A4993C96 /* Pods */,
				BFEFF68082A862EC76E2B1B2 /* Frameworks */,
			);
			sourceTree = "<group>";
		};
		BF292F00244ED3F100676E51 /* Products */ = {
			isa = PBXGroup;
			children = (
				BF292EFF244ED3F100676E51 /* Chat.app */,
			);
			name = Products;
			sourceTree = "<group>";
		};
		BF292F01244ED3F100676E51 /* Chat */ = {
			isa = PBXGroup;
			children = (
				BF7CEB2524516298000CD4E0 /* Extension */,
				BFE1CAFD244FF84F00F55BD3 /* Dynamic */,
				BFE1CAF8244FF81B00F55BD3 /* Friend */,
				BFE1CAF7244FF76700F55BD3 /* ChatContainer */,
				BFE1CAED244FDD1A00F55BD3 /* Add */,
				BFE1CAEC244FDCEA00F55BD3 /* Search */,
				BF292F16244EDECC00676E51 /* Toolbar */,
				BF292F02244ED3F100676E51 /* AppDelegate.swift */,
				BF292F12244ED4AD00676E51 /* MainWindowController.swift */,
				BF292F06244ED3F300676E51 /* Assets.xcassets */,
				BF292F08244ED3F300676E51 /* Main.storyboard */,
				BF292F0B244ED3F300676E51 /* Info.plist */,
				BF292F0C244ED3F300676E51 /* Chat.entitlements */,
			);
			path = Chat;
			sourceTree = "<group>";
		};
		BF292F16244EDECC00676E51 /* Toolbar */ = {
			isa = PBXGroup;
			children = (
				BFE1CAE4244FC9E600F55BD3 /* ToolbarContainerView.swift */,
			);
			path = Toolbar;
			sourceTree = "<group>";
		};
		BF7CEB2524516298000CD4E0 /* Extension */ = {
			isa = PBXGroup;
			children = (
				BF7CEB26245162B5000CD4E0 /* NSTextFieldExtension.swift */,
				BFE4F9252452DF6300B88914 /* BubbleContainerView.swift */,
			);
			path = Extension;
			sourceTree = "<group>";
		};
		BFE1CAEC244FDCEA00F55BD3 /* Search */ = {
			isa = PBXGroup;
			children = (
				BF292F17244EDF3100676E51 /* SearchContainerView.swift */,
				BFE1CAE6244FD1E600F55BD3 /* SearchPopoverViewController.swift */,
				BFE1CAE7244FD1E600F55BD3 /* SearchPopoverViewController.xib */,
			);
			name = Search;
			path = Toolbar/Search;
			sourceTree = "<group>";
		};
		BFE1CAED244FDD1A00F55BD3 /* Add */ = {
			isa = PBXGroup;
			children = (
				BFE1CAEE244FDD3500F55BD3 /* AddNewChatViewController.swift */,
				BFE1CAEF244FDD3500F55BD3 /* AddNewChatViewController.xib */,
			);
			name = Add;
			path = Toolbar/Add;
			sourceTree = "<group>";
		};
		BFE1CAF7244FF76700F55BD3 /* ChatContainer */ = {
			isa = PBXGroup;
			children = (
				BFEC0E12245133750054829C /* Model */,
				BFE1CB0624500FD200F55BD3 /* view */,
				BFE1CB092450114F00F55BD3 /* ChatContainerViewController.swift */,
			);
			path = ChatContainer;
			sourceTree = "<group>";
		};
		BFE1CAF8244FF81B00F55BD3 /* Friend */ = {
			isa = PBXGroup;
			children = (
				BFE1CAFE244FF89200F55BD3 /* FriendContainerViewController.swift */,
				BFE1CAFF244FF89200F55BD3 /* FriendContainerViewController.xib */,
			);
			path = Friend;
			sourceTree = "<group>";
		};
		BFE1CAFD244FF84F00F55BD3 /* Dynamic */ = {
			isa = PBXGroup;
			children = (
				BFE1CB02244FF8A000F55BD3 /* DynamicContainerViewController.swift */,
				BFE1CB03244FF8A000F55BD3 /* DynamicContainerViewController.xib */,
			);
			path = Dynamic;
			sourceTree = "<group>";
		};
		BFE1CB0624500FD200F55BD3 /* view */ = {
			isa = PBXGroup;
			children = (
				BFE1CB0724500FF600F55BD3 /* LeftContainerView.swift */,
				BFE1CB0B2450137800F55BD3 /* MiddleContainerView.swift */,
				BFE1CB0D2450138C00F55BD3 /* RightContainerView.swift */,
				BFE4F92124528D1B00B88914 /* CollectionViewItem.swift */,
				BFE4F92224528D1B00B88914 /* CollectionViewItem.xib */,
			);
			path = view;
			sourceTree = "<group>";
		};
		BFEC0E12245133750054829C /* Model */ = {
			isa = PBXGroup;
			children = (
				BFEC0E13245133A00054829C /* RecectChatListModel.swift */,
			);
			path = Model;
			sourceTree = "<group>";
		};
		BFEFF68082A862EC76E2B1B2 /* Frameworks */ = {
			isa = PBXGroup;
			children = (
				770D9670D41EAE44C20DC2F7 /* Pods_Chat.framework */,
			);
			name = Frameworks;
			sourceTree = "<group>";
		};
/* End PBXGroup section */

/* Begin PBXNativeTarget section */
		BF292EFE244ED3F100676E51 /* Chat */ = {
			isa = PBXNativeTarget;
			buildConfigurationList = BF292F0F244ED3F300676E51 /* Build configuration list for PBXNativeTarget "Chat" */;
			buildPhases = (
				5EB46ADEDF1056AFFB1587BE /* [CP] Check Pods Manifest.lock */,
				BF292EFB244ED3F100676E51 /* Sources */,
				BF292EFC244ED3F100676E51 /* Frameworks */,
				BF292EFD244ED3F100676E51 /* Resources */,
				C5DE2960D89F56FD88469C0D /* [CP] Embed Pods Frameworks */,
			);
			buildRules = (
			);
			dependencies = (
			);
			name = Chat;
			productName = Chat;
			productReference = BF292EFF244ED3F100676E51 /* Chat.app */;
			productType = "com.apple.product-type.application";
		};
/* End PBXNativeTarget section */

/* Begin PBXProject section */
		BF292EF7244ED3F100676E51 /* Project object */ = {
			isa = PBXProject;
			attributes = {
				LastSwiftUpdateCheck = 1140;
				LastUpgradeCheck = 1140;
				ORGANIZATIONNAME = etiantian;
				TargetAttributes = {
					BF292EFE244ED3F100676E51 = {
						CreatedOnToolsVersion = 11.4;
					};
				};
			};
			buildConfigurationList = BF292EFA244ED3F100676E51 /* Build configuration list for PBXProject "Chat" */;
			compatibilityVersion = "Xcode 9.3";
			developmentRegion = en;
			hasScannedForEncodings = 0;
			knownRegions = (
				en,
				Base,
			);
			mainGroup = BF292EF6244ED3F100676E51;
			productRefGroup = BF292F00244ED3F100676E51 /* Products */;
			projectDirPath = "";
			projectRoot = "";
			targets = (
				BF292EFE244ED3F100676E51 /* Chat */,
			);
		};
/* End PBXProject section */

/* Begin PBXResourcesBuildPhase section */
		BF292EFD244ED3F100676E51 /* Resources */ = {
			isa = PBXResourcesBuildPhase;
			buildActionMask = 2147483647;
			files = (
				BF292F07244ED3F300676E51 /* Assets.xcassets in Resources */,
				BFE1CAE9244FD1E600F55BD3 /* SearchPopoverViewController.xib in Resources */,
				BF292F0A244ED3F300676E51 /* Main.storyboard in Resources */,
				BFE4F92424528D1B00B88914 /* CollectionViewItem.xib in Resources */,
				BFE1CAF1244FDD3500F55BD3 /* AddNewChatViewController.xib in Resources */,
				BFE1CB05244FF8A000F55BD3 /* DynamicContainerViewController.xib in Resources */,
				BFE1CB01244FF89200F55BD3 /* FriendContainerViewController.xib in Resources */,
			);
			runOnlyForDeploymentPostprocessing = 0;
		};
/* End PBXResourcesBuildPhase section */

/* Begin PBXShellScriptBuildPhase section */
		5EB46ADEDF1056AFFB1587BE /* [CP] Check Pods Manifest.lock */ = {
			isa = PBXShellScriptBuildPhase;
			buildActionMask = 2147483647;
			files = (
			);
			inputFileListPaths = (
			);
			inputPaths = (
				"${PODS_PODFILE_DIR_PATH}/Podfile.lock",
				"${PODS_ROOT}/Manifest.lock",
			);
			name = "[CP] Check Pods Manifest.lock";
			outputFileListPaths = (
			);
			outputPaths = (
				"$(DERIVED_FILE_DIR)/Pods-Chat-checkManifestLockResult.txt",
			);
			runOnlyForDeploymentPostprocessing = 0;
			shellPath = /bin/sh;
			shellScript = "diff \"${PODS_PODFILE_DIR_PATH}/Podfile.lock\" \"${PODS_ROOT}/Manifest.lock\" > /dev/null\nif [ $? != 0 ] ; then\n    # print error to STDERR\n    echo \"error: The sandbox is not in sync with the Podfile.lock. Run 'pod install' or update your CocoaPods installation.\" >&2\n    exit 1\nfi\n# This output is used by Xcode 'outputs' to avoid re-running this script phase.\necho \"SUCCESS\" > \"${SCRIPT_OUTPUT_FILE_0}\"\n";
			showEnvVarsInLog = 0;
		};
		C5DE2960D89F56FD88469C0D /* [CP] Embed Pods Frameworks */ = {
			isa = PBXShellScriptBuildPhase;
			buildActionMask = 2147483647;
			files = (
			);
			inputFileListPaths = (
				"${PODS_ROOT}/Target Support Files/Pods-Chat/Pods-Chat-frameworks-${CONFIGURATION}-input-files.xcfilelist",
			);
			name = "[CP] Embed Pods Frameworks";
			outputFileListPaths = (
				"${PODS_ROOT}/Target Support Files/Pods-Chat/Pods-Chat-frameworks-${CONFIGURATION}-output-files.xcfilelist",
			);
			runOnlyForDeploymentPostprocessing = 0;
			shellPath = /bin/sh;
			shellScript = "\"${PODS_ROOT}/Target Support Files/Pods-Chat/Pods-Chat-frameworks.sh\"\n";
			showEnvVarsInLog = 0;
		};
/* End PBXShellScriptBuildPhase section */

/* Begin PBXSourcesBuildPhase section */
		BF292EFB244ED3F100676E51 /* Sources */ = {
			isa = PBXSourcesBuildPhase;
			buildActionMask = 2147483647;
			files = (
				BF7CEB27245162B5000CD4E0 /* NSTextFieldExtension.swift in Sources */,
				BFE1CB0C2450137800F55BD3 /* MiddleContainerView.swift in Sources */,
				BFE1CB00244FF89200F55BD3 /* FriendContainerViewController.swift in Sources */,
				BF292F03244ED3F100676E51 /* AppDelegate.swift in Sources */,
				BFE1CB0A2450114F00F55BD3 /* ChatContainerViewController.swift in Sources */,
				BFE1CB0824500FF600F55BD3 /* LeftContainerView.swift in Sources */,
				BFE1CAE8244FD1E600F55BD3 /* SearchPopoverViewController.swift in Sources */,
				BFE1CB04244FF8A000F55BD3 /* DynamicContainerViewController.swift in Sources */,
				BFE4F92324528D1B00B88914 /* CollectionViewItem.swift in Sources */,
				BFE1CAE5244FC9E600F55BD3 /* ToolbarContainerView.swift in Sources */,
				BF292F18244EDF3100676E51 /* SearchContainerView.swift in Sources */,
				BFEC0E14245133A00054829C /* RecectChatListModel.swift in Sources */,
				BFE1CAF0244FDD3500F55BD3 /* AddNewChatViewController.swift in Sources */,
				BF292F13244ED4AD00676E51 /* MainWindowController.swift in Sources */,
				BFE4F9262452DF6300B88914 /* BubbleContainerView.swift in Sources */,
				BFE1CB0E2450138C00F55BD3 /* RightContainerView.swift in Sources */,
			);
			runOnlyForDeploymentPostprocessing = 0;
		};
/* End PBXSourcesBuildPhase section */

/* Begin PBXVariantGroup section */
		BF292F08244ED3F300676E51 /* Main.storyboard */ = {
			isa = PBXVariantGroup;
			children = (
				BF292F09244ED3F300676E51 /* Base */,
			);
			name = Main.storyboard;
			sourceTree = "<group>";
		};
/* End PBXVariantGroup section */

/* Begin XCBuildConfiguration section */
		BF292F0D244ED3F300676E51 /* Debug */ = {
			isa = XCBuildConfiguration;
			buildSettings = {
				ALWAYS_SEARCH_USER_PATHS = NO;
				CLANG_ANALYZER_NONNULL = YES;
				CLANG_ANALYZER_NUMBER_OBJECT_CONVERSION = YES_AGGRESSIVE;
				CLANG_CXX_LANGUAGE_STANDARD = "gnu++14";
				CLANG_CXX_LIBRARY = "libc++";
				CLANG_ENABLE_MODULES = YES;
				CLANG_ENABLE_OBJC_ARC = YES;
				CLANG_ENABLE_OBJC_WEAK = YES;
				CLANG_WARN_BLOCK_CAPTURE_AUTORELEASING = YES;
				CLANG_WARN_BOOL_CONVERSION = YES;
				CLANG_WARN_COMMA = YES;
				CLANG_WARN_CONSTANT_CONVERSION = YES;
				CLANG_WARN_DEPRECATED_OBJC_IMPLEMENTATIONS = YES;
				CLANG_WARN_DIRECT_OBJC_ISA_USAGE = YES_ERROR;
				CLANG_WARN_DOCUMENTATION_COMMENTS = YES;
				CLANG_WARN_EMPTY_BODY = YES;
				CLANG_WARN_ENUM_CONVERSION = YES;
				CLANG_WARN_INFINITE_RECURSION = YES;
				CLANG_WARN_INT_CONVERSION = YES;
				CLANG_WARN_NON_LITERAL_NULL_CONVERSION = YES;
				CLANG_WARN_OBJC_IMPLICIT_RETAIN_SELF = YES;
				CLANG_WARN_OBJC_LITERAL_CONVERSION = YES;
				CLANG_WARN_OBJC_ROOT_CLASS = YES_ERROR;
				CLANG_WARN_RANGE_LOOP_ANALYSIS = YES;
				CLANG_WARN_STRICT_PROTOTYPES = YES;
				CLANG_WARN_SUSPICIOUS_MOVE = YES;
				CLANG_WARN_UNGUARDED_AVAILABILITY = YES_AGGRESSIVE;
				CLANG_WARN_UNREACHABLE_CODE = YES;
				CLANG_WARN__DUPLICATE_METHOD_MATCH = YES;
				COPY_PHASE_STRIP = NO;
				DEBUG_INFORMATION_FORMAT = dwarf;
				ENABLE_STRICT_OBJC_MSGSEND = YES;
				ENABLE_TESTABILITY = YES;
				GCC_C_LANGUAGE_STANDARD = gnu11;
				GCC_DYNAMIC_NO_PIC = NO;
				GCC_NO_COMMON_BLOCKS = YES;
				GCC_OPTIMIZATION_LEVEL = 0;
				GCC_PREPROCESSOR_DEFINITIONS = (
					"DEBUG=1",
					"$(inherited)",
				);
				GCC_WARN_64_TO_32_BIT_CONVERSION = YES;
				GCC_WARN_ABOUT_RETURN_TYPE = YES_ERROR;
				GCC_WARN_UNDECLARED_SELECTOR = YES;
				GCC_WARN_UNINITIALIZED_AUTOS = YES_AGGRESSIVE;
				GCC_WARN_UNUSED_FUNCTION = YES;
				GCC_WARN_UNUSED_VARIABLE = YES;
				MACOSX_DEPLOYMENT_TARGET = 10.15;
				MTL_ENABLE_DEBUG_INFO = INCLUDE_SOURCE;
				MTL_FAST_MATH = YES;
				ONLY_ACTIVE_ARCH = YES;
				SDKROOT = macosx;
				SWIFT_ACTIVE_COMPILATION_CONDITIONS = DEBUG;
				SWIFT_OPTIMIZATION_LEVEL = "-Onone";
			};
			name = Debug;
		};
		BF292F0E244ED3F300676E51 /* Release */ = {
			isa = XCBuildConfiguration;
			buildSettings = {
				ALWAYS_SEARCH_USER_PATHS = NO;
				CLANG_ANALYZER_NONNULL = YES;
				CLANG_ANALYZER_NUMBER_OBJECT_CONVERSION = YES_AGGRESSIVE;
				CLANG_CXX_LANGUAGE_STANDARD = "gnu++14";
				CLANG_CXX_LIBRARY = "libc++";
				CLANG_ENABLE_MODULES = YES;
				CLANG_ENABLE_OBJC_ARC = YES;
				CLANG_ENABLE_OBJC_WEAK = YES;
				CLANG_WARN_BLOCK_CAPTURE_AUTORELEASING = YES;
				CLANG_WARN_BOOL_CONVERSION = YES;
				CLANG_WARN_COMMA = YES;
				CLANG_WARN_CONSTANT_CONVERSION = YES;
				CLANG_WARN_DEPRECATED_OBJC_IMPLEMENTATIONS = YES;
				CLANG_WARN_DIRECT_OBJC_ISA_USAGE = YES_ERROR;
				CLANG_WARN_DOCUMENTATION_COMMENTS = YES;
				CLANG_WARN_EMPTY_BODY = YES;
				CLANG_WARN_ENUM_CONVERSION = YES;
				CLANG_WARN_INFINITE_RECURSION = YES;
				CLANG_WARN_INT_CONVERSION = YES;
				CLANG_WARN_NON_LITERAL_NULL_CONVERSION = YES;
				CLANG_WARN_OBJC_IMPLICIT_RETAIN_SELF = YES;
				CLANG_WARN_OBJC_LITERAL_CONVERSION = YES;
				CLANG_WARN_OBJC_ROOT_CLASS = YES_ERROR;
				CLANG_WARN_RANGE_LOOP_ANALYSIS = YES;
				CLANG_WARN_STRICT_PROTOTYPES = YES;
				CLANG_WARN_SUSPICIOUS_MOVE = YES;
				CLANG_WARN_UNGUARDED_AVAILABILITY = YES_AGGRESSIVE;
				CLANG_WARN_UNREACHABLE_CODE = YES;
				CLANG_WARN__DUPLICATE_METHOD_MATCH = YES;
				COPY_PHASE_STRIP = NO;
				DEBUG_INFORMATION_FORMAT = "dwarf-with-dsym";
				ENABLE_NS_ASSERTIONS = NO;
				ENABLE_STRICT_OBJC_MSGSEND = YES;
				GCC_C_LANGUAGE_STANDARD = gnu11;
				GCC_NO_COMMON_BLOCKS = YES;
				GCC_WARN_64_TO_32_BIT_CONVERSION = YES;
				GCC_WARN_ABOUT_RETURN_TYPE = YES_ERROR;
				GCC_WARN_UNDECLARED_SELECTOR = YES;
				GCC_WARN_UNINITIALIZED_AUTOS = YES_AGGRESSIVE;
				GCC_WARN_UNUSED_FUNCTION = YES;
				GCC_WARN_UNUSED_VARIABLE = YES;
				MACOSX_DEPLOYMENT_TARGET = 10.15;
				MTL_ENABLE_DEBUG_INFO = NO;
				MTL_FAST_MATH = YES;
				SDKROOT = macosx;
				SWIFT_COMPILATION_MODE = wholemodule;
				SWIFT_OPTIMIZATION_LEVEL = "-O";
			};
			name = Release;
		};
		BF292F10244ED3F300676E51 /* Debug */ = {
			isa = XCBuildConfiguration;
			baseConfigurationReference = 1D1805A154FAFAB80FC5D698 /* Pods-Chat.debug.xcconfig */;
			buildSettings = {
				ASSETCATALOG_COMPILER_APPICON_NAME = AppIcon;
				CODE_SIGN_ENTITLEMENTS = Chat/Chat.entitlements;
				CODE_SIGN_STYLE = Automatic;
				COMBINE_HIDPI_IMAGES = YES;
				DEVELOPMENT_TEAM = 4XP6U9X87N;
				ENABLE_HARDENED_RUNTIME = YES;
				INFOPLIST_FILE = Chat/Info.plist;
				LD_RUNPATH_SEARCH_PATHS = (
					"$(inherited)",
					"@executable_path/../Frameworks",
				);
				PRODUCT_BUNDLE_IDENTIFIER = com.etiantian.Chat;
				PRODUCT_NAME = "$(TARGET_NAME)";
				SWIFT_VERSION = 5.0;
			};
			name = Debug;
		};
		BF292F11244ED3F300676E51 /* Release */ = {
			isa = XCBuildConfiguration;
			baseConfigurationReference = 412D853FF1A90F9140AA0CE6 /* Pods-Chat.release.xcconfig */;
			buildSettings = {
				ASSETCATALOG_COMPILER_APPICON_NAME = AppIcon;
				CODE_SIGN_ENTITLEMENTS = Chat/Chat.entitlements;
				CODE_SIGN_STYLE = Automatic;
				COMBINE_HIDPI_IMAGES = YES;
				DEVELOPMENT_TEAM = 4XP6U9X87N;
				ENABLE_HARDENED_RUNTIME = YES;
				INFOPLIST_FILE = Chat/Info.plist;
				LD_RUNPATH_SEARCH_PATHS = (
					"$(inherited)",
					"@executable_path/../Frameworks",
				);
				PRODUCT_BUNDLE_IDENTIFIER = com.etiantian.Chat;
				PRODUCT_NAME = "$(TARGET_NAME)";
				SWIFT_VERSION = 5.0;
			};
			name = Release;
		};
/* End XCBuildConfiguration section */

/* Begin XCConfigurationList section */
		BF292EFA244ED3F100676E51 /* Build configuration list for PBXProject "Chat" */ = {
			isa = XCConfigurationList;
			buildConfigurations = (
				BF292F0D244ED3F300676E51 /* Debug */,
				BF292F0E244ED3F300676E51 /* Release */,
			);
			defaultConfigurationIsVisible = 0;
			defaultConfigurationName = Release;
		};
		BF292F0F244ED3F300676E51 /* Build configuration list for PBXNativeTarget "Chat" */ = {
			isa = XCConfigurationList;
			buildConfigurations = (
				BF292F10244ED3F300676E51 /* Debug */,
				BF292F11244ED3F300676E51 /* Release */,
			);
			defaultConfigurationIsVisible = 0;
			defaultConfigurationName = Release;
		};
/* End XCConfigurationList section */
	};
	rootObject = BF292EF7244ED3F100676E51 /* Project object */;
}
