// !$*UTF8*$!
{
	archiveVersion = 1;
	classes = {
	};
	objectVersion = 50;
	objects = {

/* Begin PBXBuildFile section */
		BF3DF465243EA9B400E2F91C /* AppDelegate.swift in Sources */ = {isa = PBXBuildFile; fileRef = BF3DF464243EA9B400E2F91C /* AppDelegate.swift */; };
		BF3DF467243EA9B400E2F91C /* ViewController.swift in Sources */ = {isa = PBXBuildFile; fileRef = BF3DF466243EA9B400E2F91C /* ViewController.swift */; };
		BF3DF469243EA9B600E2F91C /* Assets.xcassets in Resources */ = {isa = PBXBuildFile; fileRef = BF3DF468243EA9B600E2F91C /* Assets.xcassets */; };
		BF3DF46C243EA9B600E2F91C /* Main.storyboard in Resources */ = {isa = PBXBuildFile; fileRef = BF3DF46A243EA9B600E2F91C /* Main.storyboard */; };
		BF3DF477243EAE9E00E2F91C /* WindowController.swift in Sources */ = {isa = PBXBuildFile; fileRef = BF3DF475243EAE9E00E2F91C /* WindowController.swift */; };
/* End PBXBuildFile section */

/* Begin PBXFileReference section */
		BF3DF461243EA9B400E2F91C /* NSStatusBarDemo.app */ = {isa = PBXFileReference; explicitFileType = wrapper.application; includeInIndex = 0; path = NSStatusBarDemo.app; sourceTree = BUILT_PRODUCTS_DIR; };
		BF3DF464243EA9B400E2F91C /* AppDelegate.swift */ = {isa = PBXFileReference; lastKnownFileType = sourcecode.swift; path = AppDelegate.swift; sourceTree = "<group>"; };
		BF3DF466243EA9B400E2F91C /* ViewController.swift */ = {isa = PBXFileReference; lastKnownFileType = sourcecode.swift; path = ViewController.swift; sourceTree = "<group>"; };
		BF3DF468243EA9B600E2F91C /* Assets.xcassets */ = {isa = PBXFileReference; lastKnownFileType = folder.assetcatalog; path = Assets.xcassets; sourceTree = "<group>"; };
		BF3DF46B243EA9B600E2F91C /* Base */ = {isa = PBXFileReference; lastKnownFileType = file.storyboard; name = Base; path = Base.lproj/Main.storyboard; sourceTree = "<group>"; };
		BF3DF46D243EA9B600E2F91C /* Info.plist */ = {isa = PBXFileReference; lastKnownFileType = text.plist.xml; path = Info.plist; sourceTree = "<group>"; };
		BF3DF46E243EA9B600E2F91C /* NSStatusBarDemo.entitlements */ = {isa = PBXFileReference; lastKnownFileType = text.plist.entitlements; path = NSStatusBarDemo.entitlements; sourceTree = "<group>"; };
		BF3DF475243EAE9E00E2F91C /* WindowController.swift */ = {isa = PBXFileReference; lastKnownFileType = sourcecode.swift; path = WindowController.swift; sourceTree = "<group>"; };
/* End PBXFileReference section */

/* Begin PBXFrameworksBuildPhase section */
		BF3DF45E243EA9B400E2F91C /* Frameworks */ = {
			isa = PBXFrameworksBuildPhase;
			buildActionMask = 2147483647;
			files = (
			);
			runOnlyForDeploymentPostprocessing = 0;
		};
/* End PBXFrameworksBuildPhase section */

/* Begin PBXGroup section */
		BF3DF458243EA9B400E2F91C = {
			isa = PBXGroup;
			children = (
				BF3DF463243EA9B400E2F91C /* NSStatusBarDemo */,
				BF3DF462243EA9B400E2F91C /* Products */,
			);
			sourceTree = "<group>";
		};
		BF3DF462243EA9B400E2F91C /* Products */ = {
			isa = PBXGroup;
			children = (
				BF3DF461243EA9B400E2F91C /* NSStatusBarDemo.app */,
			);
			name = Products;
			sourceTree = "<group>";
		};
		BF3DF463243EA9B400E2F91C /* NSStatusBarDemo */ = {
			isa = PBXGroup;
			children = (
				BF3DF464243EA9B400E2F91C /* AppDelegate.swift */,
				BF3DF466243EA9B400E2F91C /* ViewController.swift */,
				BF3DF468243EA9B600E2F91C /* Assets.xcassets */,
				BF3DF46A243EA9B600E2F91C /* Main.storyboard */,
				BF3DF46D243EA9B600E2F91C /* Info.plist */,
				BF3DF46E243EA9B600E2F91C /* NSStatusBarDemo.entitlements */,
				BF3DF475243EAE9E00E2F91C /* WindowController.swift */,
			);
			path = NSStatusBarDemo;
			sourceTree = "<group>";
		};
/* End PBXGroup section */

/* Begin PBXNativeTarget section */
		BF3DF460243EA9B400E2F91C /* NSStatusBarDemo */ = {
			isa = PBXNativeTarget;
			buildConfigurationList = BF3DF471243EA9B600E2F91C /* Build configuration list for PBXNativeTarget "NSStatusBarDemo" */;
			buildPhases = (
				BF3DF45D243EA9B400E2F91C /* Sources */,
				BF3DF45E243EA9B400E2F91C /* Frameworks */,
				BF3DF45F243EA9B400E2F91C /* Resources */,
			);
			buildRules = (
			);
			dependencies = (
			);
			name = NSStatusBarDemo;
			productName = NSStatusBarDemo;
			productReference = BF3DF461243EA9B400E2F91C /* NSStatusBarDemo.app */;
			productType = "com.apple.product-type.application";
		};
/* End PBXNativeTarget section */

/* Begin PBXProject section */
		BF3DF459243EA9B400E2F91C /* Project object */ = {
			isa = PBXProject;
			attributes = {
				LastSwiftUpdateCheck = 1140;
				LastUpgradeCheck = 1140;
				ORGANIZATIONNAME = etiantian;
				TargetAttributes = {
					BF3DF460243EA9B400E2F91C = {
						CreatedOnToolsVersion = 11.4;
					};
				};
			};
			buildConfigurationList = BF3DF45C243EA9B400E2F91C /* Build configuration list for PBXProject "NSStatusBarDemo" */;
			compatibilityVersion = "Xcode 9.3";
			developmentRegion = en;
			hasScannedForEncodings = 0;
			knownRegions = (
				en,
				Base,
			);
			mainGroup = BF3DF458243EA9B400E2F91C;
			productRefGroup = BF3DF462243EA9B400E2F91C /* Products */;
			projectDirPath = "";
			projectRoot = "";
			targets = (
				BF3DF460243EA9B400E2F91C /* NSStatusBarDemo */,
			);
		};
/* End PBXProject section */

/* Begin PBXResourcesBuildPhase section */
		BF3DF45F243EA9B400E2F91C /* Resources */ = {
			isa = PBXResourcesBuildPhase;
			buildActionMask = 2147483647;
			files = (
				BF3DF469243EA9B600E2F91C /* Assets.xcassets in Resources */,
				BF3DF46C243EA9B600E2F91C /* Main.storyboard in Resources */,
			);
			runOnlyForDeploymentPostprocessing = 0;
		};
/* End PBXResourcesBuildPhase section */

/* Begin PBXSourcesBuildPhase section */
		BF3DF45D243EA9B400E2F91C /* Sources */ = {
			isa = PBXSourcesBuildPhase;
			buildActionMask = 2147483647;
			files = (
				BF3DF467243EA9B400E2F91C /* ViewController.swift in Sources */,
				BF3DF477243EAE9E00E2F91C /* WindowController.swift in Sources */,
				BF3DF465243EA9B400E2F91C /* AppDelegate.swift in Sources */,
			);
			runOnlyForDeploymentPostprocessing = 0;
		};
/* End PBXSourcesBuildPhase section */

/* Begin PBXVariantGroup section */
		BF3DF46A243EA9B600E2F91C /* Main.storyboard */ = {
			isa = PBXVariantGroup;
			children = (
				BF3DF46B243EA9B600E2F91C /* Base */,
			);
			name = Main.storyboard;
			sourceTree = "<group>";
		};
/* End PBXVariantGroup section */

/* Begin XCBuildConfiguration section */
		BF3DF46F243EA9B600E2F91C /* Debug */ = {
			isa = XCBuildConfiguration;
			buildSettings = {
				ALWAYS_SEARCH_USER_PATHS = NO;
				CLANG_ANALYZER_NONNULL = YES;
				CLANG_ANALYZER_NUMBER_OBJECT_CONVERSION = YES_AGGRESSIVE;
				CLANG_CXX_LANGUAGE_STANDARD = "gnu++14";
				CLANG_CXX_LIBRARY = "libc++";
				CLANG_ENABLE_MODULES = YES;
				CLANG_ENABLE_OBJC_ARC = YES;
				CLANG_ENABLE_OBJC_WEAK = YES;
				CLANG_WARN_BLOCK_CAPTURE_AUTORELEASING = YES;
				CLANG_WARN_BOOL_CONVERSION = YES;
				CLANG_WARN_COMMA = YES;
				CLANG_WARN_CONSTANT_CONVERSION = YES;
				CLANG_WARN_DEPRECATED_OBJC_IMPLEMENTATIONS = YES;
				CLANG_WARN_DIRECT_OBJC_ISA_USAGE = YES_ERROR;
				CLANG_WARN_DOCUMENTATION_COMMENTS = YES;
				CLANG_WARN_EMPTY_BODY = YES;
				CLANG_WARN_ENUM_CONVERSION = YES;
				CLANG_WARN_INFINITE_RECURSION = YES;
				CLANG_WARN_INT_CONVERSION = YES;
				CLANG_WARN_NON_LITERAL_NULL_CONVERSION = YES;
				CLANG_WARN_OBJC_IMPLICIT_RETAIN_SELF = YES;
				CLANG_WARN_OBJC_LITERAL_CONVERSION = YES;
				CLANG_WARN_OBJC_ROOT_CLASS = YES_ERROR;
				CLANG_WARN_RANGE_LOOP_ANALYSIS = YES;
				CLANG_WARN_STRICT_PROTOTYPES = YES;
				CLANG_WARN_SUSPICIOUS_MOVE = YES;
				CLANG_WARN_UNGUARDED_AVAILABILITY = YES_AGGRESSIVE;
				CLANG_WARN_UNREACHABLE_CODE = YES;
				CLANG_WARN__DUPLICATE_METHOD_MATCH = YES;
				COPY_PHASE_STRIP = NO;
				DEBUG_INFORMATION_FORMAT = dwarf;
				ENABLE_STRICT_OBJC_MSGSEND = YES;
				ENABLE_TESTABILITY = YES;
				GCC_C_LANGUAGE_STANDARD = gnu11;
				GCC_DYNAMIC_NO_PIC = NO;
				GCC_NO_COMMON_BLOCKS = YES;
				GCC_OPTIMIZATION_LEVEL = 0;
				GCC_PREPROCESSOR_DEFINITIONS = (
					"DEBUG=1",
					"$(inherited)",
				);
				GCC_WARN_64_TO_32_BIT_CONVERSION = YES;
				GCC_WARN_ABOUT_RETURN_TYPE = YES_ERROR;
				GCC_WARN_UNDECLARED_SELECTOR = YES;
				GCC_WARN_UNINITIALIZED_AUTOS = YES_AGGRESSIVE;
				GCC_WARN_UNUSED_FUNCTION = YES;
				GCC_WARN_UNUSED_VARIABLE = YES;
				MACOSX_DEPLOYMENT_TARGET = 10.15;
				MTL_ENABLE_DEBUG_INFO = INCLUDE_SOURCE;
				MTL_FAST_MATH = YES;
				ONLY_ACTIVE_ARCH = YES;
				SDKROOT = macosx;
				SWIFT_ACTIVE_COMPILATION_CONDITIONS = DEBUG;
				SWIFT_OPTIMIZATION_LEVEL = "-Onone";
			};
			name = Debug;
		};
		BF3DF470243EA9B600E2F91C /* Release */ = {
			isa = XCBuildConfiguration;
			buildSettings = {
				ALWAYS_SEARCH_USER_PATHS = NO;
				CLANG_ANALYZER_NONNULL = YES;
				CLANG_ANALYZER_NUMBER_OBJECT_CONVERSION = YES_AGGRESSIVE;
				CLANG_CXX_LANGUAGE_STANDARD = "gnu++14";
				CLANG_CXX_LIBRARY = "libc++";
				CLANG_ENABLE_MODULES = YES;
				CLANG_ENABLE_OBJC_ARC = YES;
				CLANG_ENABLE_OBJC_WEAK = YES;
				CLANG_WARN_BLOCK_CAPTURE_AUTORELEASING = YES;
				CLANG_WARN_BOOL_CONVERSION = YES;
				CLANG_WARN_COMMA = YES;
				CLANG_WARN_CONSTANT_CONVERSION = YES;
				CLANG_WARN_DEPRECATED_OBJC_IMPLEMENTATIONS = YES;
				CLANG_WARN_DIRECT_OBJC_ISA_USAGE = YES_ERROR;
				CLANG_WARN_DOCUMENTATION_COMMENTS = YES;
				CLANG_WARN_EMPTY_BODY = YES;
				CLANG_WARN_ENUM_CONVERSION = YES;
				CLANG_WARN_INFINITE_RECURSION = YES;
				CLANG_WARN_INT_CONVERSION = YES;
				CLANG_WARN_NON_LITERAL_NULL_CONVERSION = YES;
				CLANG_WARN_OBJC_IMPLICIT_RETAIN_SELF = YES;
				CLANG_WARN_OBJC_LITERAL_CONVERSION = YES;
				CLANG_WARN_OBJC_ROOT_CLASS = YES_ERROR;
				CLANG_WARN_RANGE_LOOP_ANALYSIS = YES;
				CLANG_WARN_STRICT_PROTOTYPES = YES;
				CLANG_WARN_SUSPICIOUS_MOVE = YES;
				CLANG_WARN_UNGUARDED_AVAILABILITY = YES_AGGRESSIVE;
				CLANG_WARN_UNREACHABLE_CODE = YES;
				CLANG_WARN__DUPLICATE_METHOD_MATCH = YES;
				COPY_PHASE_STRIP = NO;
				DEBUG_INFORMATION_FORMAT = "dwarf-with-dsym";
				ENABLE_NS_ASSERTIONS = NO;
				ENABLE_STRICT_OBJC_MSGSEND = YES;
				GCC_C_LANGUAGE_STANDARD = gnu11;
				GCC_NO_COMMON_BLOCKS = YES;
				GCC_WARN_64_TO_32_BIT_CONVERSION = YES;
				GCC_WARN_ABOUT_RETURN_TYPE = YES_ERROR;
				GCC_WARN_UNDECLARED_SELECTOR = YES;
				GCC_WARN_UNINITIALIZED_AUTOS = YES_AGGRESSIVE;
				GCC_WARN_UNUSED_FUNCTION = YES;
				GCC_WARN_UNUSED_VARIABLE = YES;
				MACOSX_DEPLOYMENT_TARGET = 10.15;
				MTL_ENABLE_DEBUG_INFO = NO;
				MTL_FAST_MATH = YES;
				SDKROOT = macosx;
				SWIFT_COMPILATION_MODE = wholemodule;
				SWIFT_OPTIMIZATION_LEVEL = "-O";
			};
			name = Release;
		};
		BF3DF472243EA9B600E2F91C /* Debug */ = {
			isa = XCBuildConfiguration;
			buildSettings = {
				ASSETCATALOG_COMPILER_APPICON_NAME = AppIcon;
				CODE_SIGN_ENTITLEMENTS = NSStatusBarDemo/NSStatusBarDemo.entitlements;
				CODE_SIGN_STYLE = Automatic;
				COMBINE_HIDPI_IMAGES = YES;
				DEVELOPMENT_TEAM = 4XP6U9X87N;
				ENABLE_HARDENED_RUNTIME = YES;
				INFOPLIST_FILE = NSStatusBarDemo/Info.plist;
				LD_RUNPATH_SEARCH_PATHS = (
					"$(inherited)",
					"@executable_path/../Frameworks",
				);
				PRODUCT_BUNDLE_IDENTIFIER = com.etiantian.NSStatusBarDemo;
				PRODUCT_NAME = "$(TARGET_NAME)";
				SWIFT_VERSION = 5.0;
			};
			name = Debug;
		};
		BF3DF473243EA9B600E2F91C /* Release */ = {
			isa = XCBuildConfiguration;
			buildSettings = {
				ASSETCATALOG_COMPILER_APPICON_NAME = AppIcon;
				CODE_SIGN_ENTITLEMENTS = NSStatusBarDemo/NSStatusBarDemo.entitlements;
				CODE_SIGN_STYLE = Automatic;
				COMBINE_HIDPI_IMAGES = YES;
				DEVELOPMENT_TEAM = 4XP6U9X87N;
				ENABLE_HARDENED_RUNTIME = YES;
				INFOPLIST_FILE = NSStatusBarDemo/Info.plist;
				LD_RUNPATH_SEARCH_PATHS = (
					"$(inherited)",
					"@executable_path/../Frameworks",
				);
				PRODUCT_BUNDLE_IDENTIFIER = com.etiantian.NSStatusBarDemo;
				PRODUCT_NAME = "$(TARGET_NAME)";
				SWIFT_VERSION = 5.0;
			};
			name = Release;
		};
/* End XCBuildConfiguration section */

/* Begin XCConfigurationList section */
		BF3DF45C243EA9B400E2F91C /* Build configuration list for PBXProject "NSStatusBarDemo" */ = {
			isa = XCConfigurationList;
			buildConfigurations = (
				BF3DF46F243EA9B600E2F91C /* Debug */,
				BF3DF470243EA9B600E2F91C /* Release */,
			);
			defaultConfigurationIsVisible = 0;
			defaultConfigurationName = Release;
		};
		BF3DF471243EA9B600E2F91C /* Build configuration list for PBXNativeTarget "NSStatusBarDemo" */ = {
			isa = XCConfigurationList;
			buildConfigurations = (
				BF3DF472243EA9B600E2F91C /* Debug */,
				BF3DF473243EA9B600E2F91C /* Release */,
			);
			defaultConfigurationIsVisible = 0;
			defaultConfigurationName = Release;
		};
/* End XCConfigurationList section */
	};
	rootObject = BF3DF459243EA9B400E2F91C /* Project object */;
}
