// !$*UTF8*$!
{
	archiveVersion = 1;
	classes = {
	};
	objectVersion = 50;
	objects = {

/* Begin PBXBuildFile section */
		BF223C48242B3883006205F8 /* AppDelegate.swift in Sources */ = {isa = PBXBuildFile; fileRef = BF223C47242B3883006205F8 /* AppDelegate.swift */; };
		BF223C4A242B3883006205F8 /* ViewController.swift in Sources */ = {isa = PBXBuildFile; fileRef = BF223C49242B3883006205F8 /* ViewController.swift */; };
		BF223C4C242B3886006205F8 /* Assets.xcassets in Resources */ = {isa = PBXBuildFile; fileRef = BF223C4B242B3886006205F8 /* Assets.xcassets */; };
		BF223C4F242B3886006205F8 /* Main.storyboard in Resources */ = {isa = PBXBuildFile; fileRef = BF223C4D242B3886006205F8 /* Main.storyboard */; };
		BF223C5B242B3886006205F8 /* WidgetDemoTests.swift in Sources */ = {isa = PBXBuildFile; fileRef = BF223C5A242B3886006205F8 /* WidgetDemoTests.swift */; };
		BF223C66242B3886006205F8 /* WidgetDemoUITests.swift in Sources */ = {isa = PBXBuildFile; fileRef = BF223C65242B3886006205F8 /* WidgetDemoUITests.swift */; };
		BF223C74242B3F87006205F8 /* TestView.swift in Sources */ = {isa = PBXBuildFile; fileRef = BF223C73242B3F87006205F8 /* TestView.swift */; };
/* End PBXBuildFile section */

/* Begin PBXContainerItemProxy section */
		BF223C57242B3886006205F8 /* PBXContainerItemProxy */ = {
			isa = PBXContainerItemProxy;
			containerPortal = BF223C3C242B3883006205F8 /* Project object */;
			proxyType = 1;
			remoteGlobalIDString = BF223C43242B3883006205F8;
			remoteInfo = WidgetDemo;
		};
		BF223C62242B3886006205F8 /* PBXContainerItemProxy */ = {
			isa = PBXContainerItemProxy;
			containerPortal = BF223C3C242B3883006205F8 /* Project object */;
			proxyType = 1;
			remoteGlobalIDString = BF223C43242B3883006205F8;
			remoteInfo = WidgetDemo;
		};
/* End PBXContainerItemProxy section */

/* Begin PBXFileReference section */
		BF223C44242B3883006205F8 /* WidgetDemo.app */ = {isa = PBXFileReference; explicitFileType = wrapper.application; includeInIndex = 0; path = WidgetDemo.app; sourceTree = BUILT_PRODUCTS_DIR; };
		BF223C47242B3883006205F8 /* AppDelegate.swift */ = {isa = PBXFileReference; lastKnownFileType = sourcecode.swift; path = AppDelegate.swift; sourceTree = "<group>"; };
		BF223C49242B3883006205F8 /* ViewController.swift */ = {isa = PBXFileReference; lastKnownFileType = sourcecode.swift; path = ViewController.swift; sourceTree = "<group>"; };
		BF223C4B242B3886006205F8 /* Assets.xcassets */ = {isa = PBXFileReference; lastKnownFileType = folder.assetcatalog; path = Assets.xcassets; sourceTree = "<group>"; };
		BF223C4E242B3886006205F8 /* Base */ = {isa = PBXFileReference; lastKnownFileType = file.storyboard; name = Base; path = Base.lproj/Main.storyboard; sourceTree = "<group>"; };
		BF223C50242B3886006205F8 /* Info.plist */ = {isa = PBXFileReference; lastKnownFileType = text.plist.xml; path = Info.plist; sourceTree = "<group>"; };
		BF223C51242B3886006205F8 /* WidgetDemo.entitlements */ = {isa = PBXFileReference; lastKnownFileType = text.plist.entitlements; path = WidgetDemo.entitlements; sourceTree = "<group>"; };
		BF223C56242B3886006205F8 /* WidgetDemoTests.xctest */ = {isa = PBXFileReference; explicitFileType = wrapper.cfbundle; includeInIndex = 0; path = WidgetDemoTests.xctest; sourceTree = BUILT_PRODUCTS_DIR; };
		BF223C5A242B3886006205F8 /* WidgetDemoTests.swift */ = {isa = PBXFileReference; lastKnownFileType = sourcecode.swift; path = WidgetDemoTests.swift; sourceTree = "<group>"; };
		BF223C5C242B3886006205F8 /* Info.plist */ = {isa = PBXFileReference; lastKnownFileType = text.plist.xml; path = Info.plist; sourceTree = "<group>"; };
		BF223C61242B3886006205F8 /* WidgetDemoUITests.xctest */ = {isa = PBXFileReference; explicitFileType = wrapper.cfbundle; includeInIndex = 0; path = WidgetDemoUITests.xctest; sourceTree = BUILT_PRODUCTS_DIR; };
		BF223C65242B3886006205F8 /* WidgetDemoUITests.swift */ = {isa = PBXFileReference; lastKnownFileType = sourcecode.swift; path = WidgetDemoUITests.swift; sourceTree = "<group>"; };
		BF223C67242B3886006205F8 /* Info.plist */ = {isa = PBXFileReference; lastKnownFileType = text.plist.xml; path = Info.plist; sourceTree = "<group>"; };
		BF223C73242B3F87006205F8 /* TestView.swift */ = {isa = PBXFileReference; lastKnownFileType = sourcecode.swift; path = TestView.swift; sourceTree = "<group>"; };
/* End PBXFileReference section */

/* Begin PBXFrameworksBuildPhase section */
		BF223C41242B3883006205F8 /* Frameworks */ = {
			isa = PBXFrameworksBuildPhase;
			buildActionMask = 2147483647;
			files = (
			);
			runOnlyForDeploymentPostprocessing = 0;
		};
		BF223C53242B3886006205F8 /* Frameworks */ = {
			isa = PBXFrameworksBuildPhase;
			buildActionMask = 2147483647;
			files = (
			);
			runOnlyForDeploymentPostprocessing = 0;
		};
		BF223C5E242B3886006205F8 /* Frameworks */ = {
			isa = PBXFrameworksBuildPhase;
			buildActionMask = 2147483647;
			files = (
			);
			runOnlyForDeploymentPostprocessing = 0;
		};
/* End PBXFrameworksBuildPhase section */

/* Begin PBXGroup section */
		BF223C3B242B3883006205F8 = {
			isa = PBXGroup;
			children = (
				BF223C46242B3883006205F8 /* WidgetDemo */,
				BF223C59242B3886006205F8 /* WidgetDemoTests */,
				BF223C64242B3886006205F8 /* WidgetDemoUITests */,
				BF223C45242B3883006205F8 /* Products */,
			);
			sourceTree = "<group>";
		};
		BF223C45242B3883006205F8 /* Products */ = {
			isa = PBXGroup;
			children = (
				BF223C44242B3883006205F8 /* WidgetDemo.app */,
				BF223C56242B3886006205F8 /* WidgetDemoTests.xctest */,
				BF223C61242B3886006205F8 /* WidgetDemoUITests.xctest */,
			);
			name = Products;
			sourceTree = "<group>";
		};
		BF223C46242B3883006205F8 /* WidgetDemo */ = {
			isa = PBXGroup;
			children = (
				BF223C47242B3883006205F8 /* AppDelegate.swift */,
				BF223C49242B3883006205F8 /* ViewController.swift */,
				BF223C4B242B3886006205F8 /* Assets.xcassets */,
				BF223C4D242B3886006205F8 /* Main.storyboard */,
				BF223C50242B3886006205F8 /* Info.plist */,
				BF223C51242B3886006205F8 /* WidgetDemo.entitlements */,
				BF223C73242B3F87006205F8 /* TestView.swift */,
			);
			path = WidgetDemo;
			sourceTree = "<group>";
		};
		BF223C59242B3886006205F8 /* WidgetDemoTests */ = {
			isa = PBXGroup;
			children = (
				BF223C5A242B3886006205F8 /* WidgetDemoTests.swift */,
				BF223C5C242B3886006205F8 /* Info.plist */,
			);
			path = WidgetDemoTests;
			sourceTree = "<group>";
		};
		BF223C64242B3886006205F8 /* WidgetDemoUITests */ = {
			isa = PBXGroup;
			children = (
				BF223C65242B3886006205F8 /* WidgetDemoUITests.swift */,
				BF223C67242B3886006205F8 /* Info.plist */,
			);
			path = WidgetDemoUITests;
			sourceTree = "<group>";
		};
/* End PBXGroup section */

/* Begin PBXNativeTarget section */
		BF223C43242B3883006205F8 /* WidgetDemo */ = {
			isa = PBXNativeTarget;
			buildConfigurationList = BF223C6A242B3886006205F8 /* Build configuration list for PBXNativeTarget "WidgetDemo" */;
			buildPhases = (
				BF223C40242B3883006205F8 /* Sources */,
				BF223C41242B3883006205F8 /* Frameworks */,
				BF223C42242B3883006205F8 /* Resources */,
			);
			buildRules = (
			);
			dependencies = (
			);
			name = WidgetDemo;
			productName = WidgetDemo;
			productReference = BF223C44242B3883006205F8 /* WidgetDemo.app */;
			productType = "com.apple.product-type.application";
		};
		BF223C55242B3886006205F8 /* WidgetDemoTests */ = {
			isa = PBXNativeTarget;
			buildConfigurationList = BF223C6D242B3886006205F8 /* Build configuration list for PBXNativeTarget "WidgetDemoTests" */;
			buildPhases = (
				BF223C52242B3886006205F8 /* Sources */,
				BF223C53242B3886006205F8 /* Frameworks */,
				BF223C54242B3886006205F8 /* Resources */,
			);
			buildRules = (
			);
			dependencies = (
				BF223C58242B3886006205F8 /* PBXTargetDependency */,
			);
			name = WidgetDemoTests;
			productName = WidgetDemoTests;
			productReference = BF223C56242B3886006205F8 /* WidgetDemoTests.xctest */;
			productType = "com.apple.product-type.bundle.unit-test";
		};
		BF223C60242B3886006205F8 /* WidgetDemoUITests */ = {
			isa = PBXNativeTarget;
			buildConfigurationList = BF223C70242B3886006205F8 /* Build configuration list for PBXNativeTarget "WidgetDemoUITests" */;
			buildPhases = (
				BF223C5D242B3886006205F8 /* Sources */,
				BF223C5E242B3886006205F8 /* Frameworks */,
				BF223C5F242B3886006205F8 /* Resources */,
			);
			buildRules = (
			);
			dependencies = (
				BF223C63242B3886006205F8 /* PBXTargetDependency */,
			);
			name = WidgetDemoUITests;
			productName = WidgetDemoUITests;
			productReference = BF223C61242B3886006205F8 /* WidgetDemoUITests.xctest */;
			productType = "com.apple.product-type.bundle.ui-testing";
		};
/* End PBXNativeTarget section */

/* Begin PBXProject section */
		BF223C3C242B3883006205F8 /* Project object */ = {
			isa = PBXProject;
			attributes = {
				LastSwiftUpdateCheck = 1140;
				LastUpgradeCheck = 1140;
				ORGANIZATIONNAME = etiantian;
				TargetAttributes = {
					BF223C43242B3883006205F8 = {
						CreatedOnToolsVersion = 11.4;
					};
					BF223C55242B3886006205F8 = {
						CreatedOnToolsVersion = 11.4;
						TestTargetID = BF223C43242B3883006205F8;
					};
					BF223C60242B3886006205F8 = {
						CreatedOnToolsVersion = 11.4;
						TestTargetID = BF223C43242B3883006205F8;
					};
				};
			};
			buildConfigurationList = BF223C3F242B3883006205F8 /* Build configuration list for PBXProject "WidgetDemo" */;
			compatibilityVersion = "Xcode 9.3";
			developmentRegion = en;
			hasScannedForEncodings = 0;
			knownRegions = (
				en,
				Base,
			);
			mainGroup = BF223C3B242B3883006205F8;
			productRefGroup = BF223C45242B3883006205F8 /* Products */;
			projectDirPath = "";
			projectRoot = "";
			targets = (
				BF223C43242B3883006205F8 /* WidgetDemo */,
				BF223C55242B3886006205F8 /* WidgetDemoTests */,
				BF223C60242B3886006205F8 /* WidgetDemoUITests */,
			);
		};
/* End PBXProject section */

/* Begin PBXResourcesBuildPhase section */
		BF223C42242B3883006205F8 /* Resources */ = {
			isa = PBXResourcesBuildPhase;
			buildActionMask = 2147483647;
			files = (
				BF223C4C242B3886006205F8 /* Assets.xcassets in Resources */,
				BF223C4F242B3886006205F8 /* Main.storyboard in Resources */,
			);
			runOnlyForDeploymentPostprocessing = 0;
		};
		BF223C54242B3886006205F8 /* Resources */ = {
			isa = PBXResourcesBuildPhase;
			buildActionMask = 2147483647;
			files = (
			);
			runOnlyForDeploymentPostprocessing = 0;
		};
		BF223C5F242B3886006205F8 /* Resources */ = {
			isa = PBXResourcesBuildPhase;
			buildActionMask = 2147483647;
			files = (
			);
			runOnlyForDeploymentPostprocessing = 0;
		};
/* End PBXResourcesBuildPhase section */

/* Begin PBXSourcesBuildPhase section */
		BF223C40242B3883006205F8 /* Sources */ = {
			isa = PBXSourcesBuildPhase;
			buildActionMask = 2147483647;
			files = (
				BF223C74242B3F87006205F8 /* TestView.swift in Sources */,
				BF223C4A242B3883006205F8 /* ViewController.swift in Sources */,
				BF223C48242B3883006205F8 /* AppDelegate.swift in Sources */,
			);
			runOnlyForDeploymentPostprocessing = 0;
		};
		BF223C52242B3886006205F8 /* Sources */ = {
			isa = PBXSourcesBuildPhase;
			buildActionMask = 2147483647;
			files = (
				BF223C5B242B3886006205F8 /* WidgetDemoTests.swift in Sources */,
			);
			runOnlyForDeploymentPostprocessing = 0;
		};
		BF223C5D242B3886006205F8 /* Sources */ = {
			isa = PBXSourcesBuildPhase;
			buildActionMask = 2147483647;
			files = (
				BF223C66242B3886006205F8 /* WidgetDemoUITests.swift in Sources */,
			);
			runOnlyForDeploymentPostprocessing = 0;
		};
/* End PBXSourcesBuildPhase section */

/* Begin PBXTargetDependency section */
		BF223C58242B3886006205F8 /* PBXTargetDependency */ = {
			isa = PBXTargetDependency;
			target = BF223C43242B3883006205F8 /* WidgetDemo */;
			targetProxy = BF223C57242B3886006205F8 /* PBXContainerItemProxy */;
		};
		BF223C63242B3886006205F8 /* PBXTargetDependency */ = {
			isa = PBXTargetDependency;
			target = BF223C43242B3883006205F8 /* WidgetDemo */;
			targetProxy = BF223C62242B3886006205F8 /* PBXContainerItemProxy */;
		};
/* End PBXTargetDependency section */

/* Begin PBXVariantGroup section */
		BF223C4D242B3886006205F8 /* Main.storyboard */ = {
			isa = PBXVariantGroup;
			children = (
				BF223C4E242B3886006205F8 /* Base */,
			);
			name = Main.storyboard;
			sourceTree = "<group>";
		};
/* End PBXVariantGroup section */

/* Begin XCBuildConfiguration section */
		BF223C68242B3886006205F8 /* Debug */ = {
			isa = XCBuildConfiguration;
			buildSettings = {
				ALWAYS_SEARCH_USER_PATHS = NO;
				CLANG_ANALYZER_NONNULL = YES;
				CLANG_ANALYZER_NUMBER_OBJECT_CONVERSION = YES_AGGRESSIVE;
				CLANG_CXX_LANGUAGE_STANDARD = "gnu++14";
				CLANG_CXX_LIBRARY = "libc++";
				CLANG_ENABLE_MODULES = YES;
				CLANG_ENABLE_OBJC_ARC = YES;
				CLANG_ENABLE_OBJC_WEAK = YES;
				CLANG_WARN_BLOCK_CAPTURE_AUTORELEASING = YES;
				CLANG_WARN_BOOL_CONVERSION = YES;
				CLANG_WARN_COMMA = YES;
				CLANG_WARN_CONSTANT_CONVERSION = YES;
				CLANG_WARN_DEPRECATED_OBJC_IMPLEMENTATIONS = YES;
				CLANG_WARN_DIRECT_OBJC_ISA_USAGE = YES_ERROR;
				CLANG_WARN_DOCUMENTATION_COMMENTS = YES;
				CLANG_WARN_EMPTY_BODY = YES;
				CLANG_WARN_ENUM_CONVERSION = YES;
				CLANG_WARN_INFINITE_RECURSION = YES;
				CLANG_WARN_INT_CONVERSION = YES;
				CLANG_WARN_NON_LITERAL_NULL_CONVERSION = YES;
				CLANG_WARN_OBJC_IMPLICIT_RETAIN_SELF = YES;
				CLANG_WARN_OBJC_LITERAL_CONVERSION = YES;
				CLANG_WARN_OBJC_ROOT_CLASS = YES_ERROR;
				CLANG_WARN_RANGE_LOOP_ANALYSIS = YES;
				CLANG_WARN_STRICT_PROTOTYPES = YES;
				CLANG_WARN_SUSPICIOUS_MOVE = YES;
				CLANG_WARN_UNGUARDED_AVAILABILITY = YES_AGGRESSIVE;
				CLANG_WARN_UNREACHABLE_CODE = YES;
				CLANG_WARN__DUPLICATE_METHOD_MATCH = YES;
				COPY_PHASE_STRIP = NO;
				DEBUG_INFORMATION_FORMAT = dwarf;
				ENABLE_STRICT_OBJC_MSGSEND = YES;
				ENABLE_TESTABILITY = YES;
				GCC_C_LANGUAGE_STANDARD = gnu11;
				GCC_DYNAMIC_NO_PIC = NO;
				GCC_NO_COMMON_BLOCKS = YES;
				GCC_OPTIMIZATION_LEVEL = 0;
				GCC_PREPROCESSOR_DEFINITIONS = (
					"DEBUG=1",
					"$(inherited)",
				);
				GCC_WARN_64_TO_32_BIT_CONVERSION = YES;
				GCC_WARN_ABOUT_RETURN_TYPE = YES_ERROR;
				GCC_WARN_UNDECLARED_SELECTOR = YES;
				GCC_WARN_UNINITIALIZED_AUTOS = YES_AGGRESSIVE;
				GCC_WARN_UNUSED_FUNCTION = YES;
				GCC_WARN_UNUSED_VARIABLE = YES;
				MACOSX_DEPLOYMENT_TARGET = 10.15;
				MTL_ENABLE_DEBUG_INFO = INCLUDE_SOURCE;
				MTL_FAST_MATH = YES;
				ONLY_ACTIVE_ARCH = YES;
				SDKROOT = macosx;
				SWIFT_ACTIVE_COMPILATION_CONDITIONS = DEBUG;
				SWIFT_OPTIMIZATION_LEVEL = "-Onone";
			};
			name = Debug;
		};
		BF223C69242B3886006205F8 /* Release */ = {
			isa = XCBuildConfiguration;
			buildSettings = {
				ALWAYS_SEARCH_USER_PATHS = NO;
				CLANG_ANALYZER_NONNULL = YES;
				CLANG_ANALYZER_NUMBER_OBJECT_CONVERSION = YES_AGGRESSIVE;
				CLANG_CXX_LANGUAGE_STANDARD = "gnu++14";
				CLANG_CXX_LIBRARY = "libc++";
				CLANG_ENABLE_MODULES = YES;
				CLANG_ENABLE_OBJC_ARC = YES;
				CLANG_ENABLE_OBJC_WEAK = YES;
				CLANG_WARN_BLOCK_CAPTURE_AUTORELEASING = YES;
				CLANG_WARN_BOOL_CONVERSION = YES;
				CLANG_WARN_COMMA = YES;
				CLANG_WARN_CONSTANT_CONVERSION = YES;
				CLANG_WARN_DEPRECATED_OBJC_IMPLEMENTATIONS = YES;
				CLANG_WARN_DIRECT_OBJC_ISA_USAGE = YES_ERROR;
				CLANG_WARN_DOCUMENTATION_COMMENTS = YES;
				CLANG_WARN_EMPTY_BODY = YES;
				CLANG_WARN_ENUM_CONVERSION = YES;
				CLANG_WARN_INFINITE_RECURSION = YES;
				CLANG_WARN_INT_CONVERSION = YES;
				CLANG_WARN_NON_LITERAL_NULL_CONVERSION = YES;
				CLANG_WARN_OBJC_IMPLICIT_RETAIN_SELF = YES;
				CLANG_WARN_OBJC_LITERAL_CONVERSION = YES;
				CLANG_WARN_OBJC_ROOT_CLASS = YES_ERROR;
				CLANG_WARN_RANGE_LOOP_ANALYSIS = YES;
				CLANG_WARN_STRICT_PROTOTYPES = YES;
				CLANG_WARN_SUSPICIOUS_MOVE = YES;
				CLANG_WARN_UNGUARDED_AVAILABILITY = YES_AGGRESSIVE;
				CLANG_WARN_UNREACHABLE_CODE = YES;
				CLANG_WARN__DUPLICATE_METHOD_MATCH = YES;
				COPY_PHASE_STRIP = NO;
				DEBUG_INFORMATION_FORMAT = "dwarf-with-dsym";
				ENABLE_NS_ASSERTIONS = NO;
				ENABLE_STRICT_OBJC_MSGSEND = YES;
				GCC_C_LANGUAGE_STANDARD = gnu11;
				GCC_NO_COMMON_BLOCKS = YES;
				GCC_WARN_64_TO_32_BIT_CONVERSION = YES;
				GCC_WARN_ABOUT_RETURN_TYPE = YES_ERROR;
				GCC_WARN_UNDECLARED_SELECTOR = YES;
				GCC_WARN_UNINITIALIZED_AUTOS = YES_AGGRESSIVE;
				GCC_WARN_UNUSED_FUNCTION = YES;
				GCC_WARN_UNUSED_VARIABLE = YES;
				MACOSX_DEPLOYMENT_TARGET = 10.15;
				MTL_ENABLE_DEBUG_INFO = NO;
				MTL_FAST_MATH = YES;
				SDKROOT = macosx;
				SWIFT_COMPILATION_MODE = wholemodule;
				SWIFT_OPTIMIZATION_LEVEL = "-O";
			};
			name = Release;
		};
		BF223C6B242B3886006205F8 /* Debug */ = {
			isa = XCBuildConfiguration;
			buildSettings = {
				ASSETCATALOG_COMPILER_APPICON_NAME = AppIcon;
				CODE_SIGN_ENTITLEMENTS = WidgetDemo/WidgetDemo.entitlements;
				CODE_SIGN_STYLE = Automatic;
				COMBINE_HIDPI_IMAGES = YES;
				DEVELOPMENT_TEAM = 4XP6U9X87N;
				ENABLE_HARDENED_RUNTIME = YES;
				INFOPLIST_FILE = WidgetDemo/Info.plist;
				LD_RUNPATH_SEARCH_PATHS = (
					"$(inherited)",
					"@executable_path/../Frameworks",
				);
				PRODUCT_BUNDLE_IDENTIFIER = com.etiantian.WidgetDemo;
				PRODUCT_NAME = "$(TARGET_NAME)";
				SWIFT_VERSION = 5.0;
			};
			name = Debug;
		};
		BF223C6C242B3886006205F8 /* Release */ = {
			isa = XCBuildConfiguration;
			buildSettings = {
				ASSETCATALOG_COMPILER_APPICON_NAME = AppIcon;
				CODE_SIGN_ENTITLEMENTS = WidgetDemo/WidgetDemo.entitlements;
				CODE_SIGN_STYLE = Automatic;
				COMBINE_HIDPI_IMAGES = YES;
				DEVELOPMENT_TEAM = 4XP6U9X87N;
				ENABLE_HARDENED_RUNTIME = YES;
				INFOPLIST_FILE = WidgetDemo/Info.plist;
				LD_RUNPATH_SEARCH_PATHS = (
					"$(inherited)",
					"@executable_path/../Frameworks",
				);
				PRODUCT_BUNDLE_IDENTIFIER = com.etiantian.WidgetDemo;
				PRODUCT_NAME = "$(TARGET_NAME)";
				SWIFT_VERSION = 5.0;
			};
			name = Release;
		};
		BF223C6E242B3886006205F8 /* Debug */ = {
			isa = XCBuildConfiguration;
			buildSettings = {
				ALWAYS_EMBED_SWIFT_STANDARD_LIBRARIES = YES;
				BUNDLE_LOADER = "$(TEST_HOST)";
				CODE_SIGN_STYLE = Automatic;
				COMBINE_HIDPI_IMAGES = YES;
				DEVELOPMENT_TEAM = 4XP6U9X87N;
				INFOPLIST_FILE = WidgetDemoTests/Info.plist;
				LD_RUNPATH_SEARCH_PATHS = (
					"$(inherited)",
					"@executable_path/../Frameworks",
					"@loader_path/../Frameworks",
				);
				MACOSX_DEPLOYMENT_TARGET = 10.15;
				PRODUCT_BUNDLE_IDENTIFIER = com.etiantian.WidgetDemoTests;
				PRODUCT_NAME = "$(TARGET_NAME)";
				SWIFT_VERSION = 5.0;
				TEST_HOST = "$(BUILT_PRODUCTS_DIR)/WidgetDemo.app/Contents/MacOS/WidgetDemo";
			};
			name = Debug;
		};
		BF223C6F242B3886006205F8 /* Release */ = {
			isa = XCBuildConfiguration;
			buildSettings = {
				ALWAYS_EMBED_SWIFT_STANDARD_LIBRARIES = YES;
				BUNDLE_LOADER = "$(TEST_HOST)";
				CODE_SIGN_STYLE = Automatic;
				COMBINE_HIDPI_IMAGES = YES;
				DEVELOPMENT_TEAM = 4XP6U9X87N;
				INFOPLIST_FILE = WidgetDemoTests/Info.plist;
				LD_RUNPATH_SEARCH_PATHS = (
					"$(inherited)",
					"@executable_path/../Frameworks",
					"@loader_path/../Frameworks",
				);
				MACOSX_DEPLOYMENT_TARGET = 10.15;
				PRODUCT_BUNDLE_IDENTIFIER = com.etiantian.WidgetDemoTests;
				PRODUCT_NAME = "$(TARGET_NAME)";
				SWIFT_VERSION = 5.0;
				TEST_HOST = "$(BUILT_PRODUCTS_DIR)/WidgetDemo.app/Contents/MacOS/WidgetDemo";
			};
			name = Release;
		};
		BF223C71242B3886006205F8 /* Debug */ = {
			isa = XCBuildConfiguration;
			buildSettings = {
				ALWAYS_EMBED_SWIFT_STANDARD_LIBRARIES = YES;
				CODE_SIGN_STYLE = Automatic;
				COMBINE_HIDPI_IMAGES = YES;
				DEVELOPMENT_TEAM = 4XP6U9X87N;
				INFOPLIST_FILE = WidgetDemoUITests/Info.plist;
				LD_RUNPATH_SEARCH_PATHS = (
					"$(inherited)",
					"@executable_path/../Frameworks",
					"@loader_path/../Frameworks",
				);
				PRODUCT_BUNDLE_IDENTIFIER = com.etiantian.WidgetDemoUITests;
				PRODUCT_NAME = "$(TARGET_NAME)";
				SWIFT_VERSION = 5.0;
				TEST_TARGET_NAME = WidgetDemo;
			};
			name = Debug;
		};
		BF223C72242B3886006205F8 /* Release */ = {
			isa = XCBuildConfiguration;
			buildSettings = {
				ALWAYS_EMBED_SWIFT_STANDARD_LIBRARIES = YES;
				CODE_SIGN_STYLE = Automatic;
				COMBINE_HIDPI_IMAGES = YES;
				DEVELOPMENT_TEAM = 4XP6U9X87N;
				INFOPLIST_FILE = WidgetDemoUITests/Info.plist;
				LD_RUNPATH_SEARCH_PATHS = (
					"$(inherited)",
					"@executable_path/../Frameworks",
					"@loader_path/../Frameworks",
				);
				PRODUCT_BUNDLE_IDENTIFIER = com.etiantian.WidgetDemoUITests;
				PRODUCT_NAME = "$(TARGET_NAME)";
				SWIFT_VERSION = 5.0;
				TEST_TARGET_NAME = WidgetDemo;
			};
			name = Release;
		};
/* End XCBuildConfiguration section */

/* Begin XCConfigurationList section */
		BF223C3F242B3883006205F8 /* Build configuration list for PBXProject "WidgetDemo" */ = {
			isa = XCConfigurationList;
			buildConfigurations = (
				BF223C68242B3886006205F8 /* Debug */,
				BF223C69242B3886006205F8 /* Release */,
			);
			defaultConfigurationIsVisible = 0;
			defaultConfigurationName = Release;
		};
		BF223C6A242B3886006205F8 /* Build configuration list for PBXNativeTarget "WidgetDemo" */ = {
			isa = XCConfigurationList;
			buildConfigurations = (
				BF223C6B242B3886006205F8 /* Debug */,
				BF223C6C242B3886006205F8 /* Release */,
			);
			defaultConfigurationIsVisible = 0;
			defaultConfigurationName = Release;
		};
		BF223C6D242B3886006205F8 /* Build configuration list for PBXNativeTarget "WidgetDemoTests" */ = {
			isa = XCConfigurationList;
			buildConfigurations = (
				BF223C6E242B3886006205F8 /* Debug */,
				BF223C6F242B3886006205F8 /* Release */,
			);
			defaultConfigurationIsVisible = 0;
			defaultConfigurationName = Release;
		};
		BF223C70242B3886006205F8 /* Build configuration list for PBXNativeTarget "WidgetDemoUITests" */ = {
			isa = XCConfigurationList;
			buildConfigurations = (
				BF223C71242B3886006205F8 /* Debug */,
				BF223C72242B3886006205F8 /* Release */,
			);
			defaultConfigurationIsVisible = 0;
			defaultConfigurationName = Release;
		};
/* End XCConfigurationList section */
	};
	rootObject = BF223C3C242B3883006205F8 /* Project object */;
}
