// !$*UTF8*$!
{
	archiveVersion = 1;
	classes = {
	};
	objectVersion = 50;
	objects = {

/* Begin PBXBuildFile section */
		BF7AE9302429DC1F00C1736F /* AppDelegate.swift in Sources */ = {isa = PBXBuildFile; fileRef = BF7AE92F2429DC1F00C1736F /* AppDelegate.swift */; };
		BF7AE9322429DC1F00C1736F /* ViewController.swift in Sources */ = {isa = PBXBuildFile; fileRef = BF7AE9312429DC1F00C1736F /* ViewController.swift */; };
		BF7AE9342429DC2000C1736F /* Assets.xcassets in Resources */ = {isa = PBXBuildFile; fileRef = BF7AE9332429DC2000C1736F /* Assets.xcassets */; };
		BF7AE9372429DC2000C1736F /* Main.storyboard in Resources */ = {isa = PBXBuildFile; fileRef = BF7AE9352429DC2000C1736F /* Main.storyboard */; };
		BF7AE9432429DC2000C1736F /* HelloWorldTests.swift in Sources */ = {isa = PBXBuildFile; fileRef = BF7AE9422429DC2000C1736F /* HelloWorldTests.swift */; };
		BF7AE94E2429DC2000C1736F /* HelloWorldUITests.swift in Sources */ = {isa = PBXBuildFile; fileRef = BF7AE94D2429DC2000C1736F /* HelloWorldUITests.swift */; };
/* End PBXBuildFile section */

/* Begin PBXContainerItemProxy section */
		BF7AE93F2429DC2000C1736F /* PBXContainerItemProxy */ = {
			isa = PBXContainerItemProxy;
			containerPortal = BF7AE9242429DC1F00C1736F /* Project object */;
			proxyType = 1;
			remoteGlobalIDString = BF7AE92B2429DC1F00C1736F;
			remoteInfo = HelloWorld;
		};
		BF7AE94A2429DC2000C1736F /* PBXContainerItemProxy */ = {
			isa = PBXContainerItemProxy;
			containerPortal = BF7AE9242429DC1F00C1736F /* Project object */;
			proxyType = 1;
			remoteGlobalIDString = BF7AE92B2429DC1F00C1736F;
			remoteInfo = HelloWorld;
		};
/* End PBXContainerItemProxy section */

/* Begin PBXFileReference section */
		BF7AE92C2429DC1F00C1736F /* HelloWorld.app */ = {isa = PBXFileReference; explicitFileType = wrapper.application; includeInIndex = 0; path = HelloWorld.app; sourceTree = BUILT_PRODUCTS_DIR; };
		BF7AE92F2429DC1F00C1736F /* AppDelegate.swift */ = {isa = PBXFileReference; lastKnownFileType = sourcecode.swift; path = AppDelegate.swift; sourceTree = "<group>"; };
		BF7AE9312429DC1F00C1736F /* ViewController.swift */ = {isa = PBXFileReference; lastKnownFileType = sourcecode.swift; path = ViewController.swift; sourceTree = "<group>"; };
		BF7AE9332429DC2000C1736F /* Assets.xcassets */ = {isa = PBXFileReference; lastKnownFileType = folder.assetcatalog; path = Assets.xcassets; sourceTree = "<group>"; };
		BF7AE9362429DC2000C1736F /* Base */ = {isa = PBXFileReference; lastKnownFileType = file.storyboard; name = Base; path = Base.lproj/Main.storyboard; sourceTree = "<group>"; };
		BF7AE9382429DC2000C1736F /* Info.plist */ = {isa = PBXFileReference; lastKnownFileType = text.plist.xml; path = Info.plist; sourceTree = "<group>"; };
		BF7AE9392429DC2000C1736F /* HelloWorld.entitlements */ = {isa = PBXFileReference; lastKnownFileType = text.plist.entitlements; path = HelloWorld.entitlements; sourceTree = "<group>"; };
		BF7AE93E2429DC2000C1736F /* HelloWorldTests.xctest */ = {isa = PBXFileReference; explicitFileType = wrapper.cfbundle; includeInIndex = 0; path = HelloWorldTests.xctest; sourceTree = BUILT_PRODUCTS_DIR; };
		BF7AE9422429DC2000C1736F /* HelloWorldTests.swift */ = {isa = PBXFileReference; lastKnownFileType = sourcecode.swift; path = HelloWorldTests.swift; sourceTree = "<group>"; };
		BF7AE9442429DC2000C1736F /* Info.plist */ = {isa = PBXFileReference; lastKnownFileType = text.plist.xml; path = Info.plist; sourceTree = "<group>"; };
		BF7AE9492429DC2000C1736F /* HelloWorldUITests.xctest */ = {isa = PBXFileReference; explicitFileType = wrapper.cfbundle; includeInIndex = 0; path = HelloWorldUITests.xctest; sourceTree = BUILT_PRODUCTS_DIR; };
		BF7AE94D2429DC2000C1736F /* HelloWorldUITests.swift */ = {isa = PBXFileReference; lastKnownFileType = sourcecode.swift; path = HelloWorldUITests.swift; sourceTree = "<group>"; };
		BF7AE94F2429DC2000C1736F /* Info.plist */ = {isa = PBXFileReference; lastKnownFileType = text.plist.xml; path = Info.plist; sourceTree = "<group>"; };
/* End PBXFileReference section */

/* Begin PBXFrameworksBuildPhase section */
		BF7AE9292429DC1F00C1736F /* Frameworks */ = {
			isa = PBXFrameworksBuildPhase;
			buildActionMask = 2147483647;
			files = (
			);
			runOnlyForDeploymentPostprocessing = 0;
		};
		BF7AE93B2429DC2000C1736F /* Frameworks */ = {
			isa = PBXFrameworksBuildPhase;
			buildActionMask = 2147483647;
			files = (
			);
			runOnlyForDeploymentPostprocessing = 0;
		};
		BF7AE9462429DC2000C1736F /* Frameworks */ = {
			isa = PBXFrameworksBuildPhase;
			buildActionMask = 2147483647;
			files = (
			);
			runOnlyForDeploymentPostprocessing = 0;
		};
/* End PBXFrameworksBuildPhase section */

/* Begin PBXGroup section */
		BF7AE9232429DC1F00C1736F = {
			isa = PBXGroup;
			children = (
				BF7AE92E2429DC1F00C1736F /* HelloWorld */,
				BF7AE9412429DC2000C1736F /* HelloWorldTests */,
				BF7AE94C2429DC2000C1736F /* HelloWorldUITests */,
				BF7AE92D2429DC1F00C1736F /* Products */,
			);
			sourceTree = "<group>";
		};
		BF7AE92D2429DC1F00C1736F /* Products */ = {
			isa = PBXGroup;
			children = (
				BF7AE92C2429DC1F00C1736F /* HelloWorld.app */,
				BF7AE93E2429DC2000C1736F /* HelloWorldTests.xctest */,
				BF7AE9492429DC2000C1736F /* HelloWorldUITests.xctest */,
			);
			name = Products;
			sourceTree = "<group>";
		};
		BF7AE92E2429DC1F00C1736F /* HelloWorld */ = {
			isa = PBXGroup;
			children = (
				BF7AE92F2429DC1F00C1736F /* AppDelegate.swift */,
				BF7AE9312429DC1F00C1736F /* ViewController.swift */,
				BF7AE9332429DC2000C1736F /* Assets.xcassets */,
				BF7AE9352429DC2000C1736F /* Main.storyboard */,
				BF7AE9382429DC2000C1736F /* Info.plist */,
				BF7AE9392429DC2000C1736F /* HelloWorld.entitlements */,
			);
			path = HelloWorld;
			sourceTree = "<group>";
		};
		BF7AE9412429DC2000C1736F /* HelloWorldTests */ = {
			isa = PBXGroup;
			children = (
				BF7AE9422429DC2000C1736F /* HelloWorldTests.swift */,
				BF7AE9442429DC2000C1736F /* Info.plist */,
			);
			path = HelloWorldTests;
			sourceTree = "<group>";
		};
		BF7AE94C2429DC2000C1736F /* HelloWorldUITests */ = {
			isa = PBXGroup;
			children = (
				BF7AE94D2429DC2000C1736F /* HelloWorldUITests.swift */,
				BF7AE94F2429DC2000C1736F /* Info.plist */,
			);
			path = HelloWorldUITests;
			sourceTree = "<group>";
		};
/* End PBXGroup section */

/* Begin PBXNativeTarget section */
		BF7AE92B2429DC1F00C1736F /* HelloWorld */ = {
			isa = PBXNativeTarget;
			buildConfigurationList = BF7AE9522429DC2000C1736F /* Build configuration list for PBXNativeTarget "HelloWorld" */;
			buildPhases = (
				BF7AE9282429DC1F00C1736F /* Sources */,
				BF7AE9292429DC1F00C1736F /* Frameworks */,
				BF7AE92A2429DC1F00C1736F /* Resources */,
			);
			buildRules = (
			);
			dependencies = (
			);
			name = HelloWorld;
			productName = HelloWorld;
			productReference = BF7AE92C2429DC1F00C1736F /* HelloWorld.app */;
			productType = "com.apple.product-type.application";
		};
		BF7AE93D2429DC2000C1736F /* HelloWorldTests */ = {
			isa = PBXNativeTarget;
			buildConfigurationList = BF7AE9552429DC2000C1736F /* Build configuration list for PBXNativeTarget "HelloWorldTests" */;
			buildPhases = (
				BF7AE93A2429DC2000C1736F /* Sources */,
				BF7AE93B2429DC2000C1736F /* Frameworks */,
				BF7AE93C2429DC2000C1736F /* Resources */,
			);
			buildRules = (
			);
			dependencies = (
				BF7AE9402429DC2000C1736F /* PBXTargetDependency */,
			);
			name = HelloWorldTests;
			productName = HelloWorldTests;
			productReference = BF7AE93E2429DC2000C1736F /* HelloWorldTests.xctest */;
			productType = "com.apple.product-type.bundle.unit-test";
		};
		BF7AE9482429DC2000C1736F /* HelloWorldUITests */ = {
			isa = PBXNativeTarget;
			buildConfigurationList = BF7AE9582429DC2000C1736F /* Build configuration list for PBXNativeTarget "HelloWorldUITests" */;
			buildPhases = (
				BF7AE9452429DC2000C1736F /* Sources */,
				BF7AE9462429DC2000C1736F /* Frameworks */,
				BF7AE9472429DC2000C1736F /* Resources */,
			);
			buildRules = (
			);
			dependencies = (
				BF7AE94B2429DC2000C1736F /* PBXTargetDependency */,
			);
			name = HelloWorldUITests;
			productName = HelloWorldUITests;
			productReference = BF7AE9492429DC2000C1736F /* HelloWorldUITests.xctest */;
			productType = "com.apple.product-type.bundle.ui-testing";
		};
/* End PBXNativeTarget section */

/* Begin PBXProject section */
		BF7AE9242429DC1F00C1736F /* Project object */ = {
			isa = PBXProject;
			attributes = {
				LastSwiftUpdateCheck = 1130;
				LastUpgradeCheck = 1130;
				ORGANIZATIONNAME = etiantian;
				TargetAttributes = {
					BF7AE92B2429DC1F00C1736F = {
						CreatedOnToolsVersion = 11.3.1;
					};
					BF7AE93D2429DC2000C1736F = {
						CreatedOnToolsVersion = 11.3.1;
						TestTargetID = BF7AE92B2429DC1F00C1736F;
					};
					BF7AE9482429DC2000C1736F = {
						CreatedOnToolsVersion = 11.3.1;
						TestTargetID = BF7AE92B2429DC1F00C1736F;
					};
				};
			};
			buildConfigurationList = BF7AE9272429DC1F00C1736F /* Build configuration list for PBXProject "HelloWorld" */;
			compatibilityVersion = "Xcode 9.3";
			developmentRegion = en;
			hasScannedForEncodings = 0;
			knownRegions = (
				en,
				Base,
			);
			mainGroup = BF7AE9232429DC1F00C1736F;
			productRefGroup = BF7AE92D2429DC1F00C1736F /* Products */;
			projectDirPath = "";
			projectRoot = "";
			targets = (
				BF7AE92B2429DC1F00C1736F /* HelloWorld */,
				BF7AE93D2429DC2000C1736F /* HelloWorldTests */,
				BF7AE9482429DC2000C1736F /* HelloWorldUITests */,
			);
		};
/* End PBXProject section */

/* Begin PBXResourcesBuildPhase section */
		BF7AE92A2429DC1F00C1736F /* Resources */ = {
			isa = PBXResourcesBuildPhase;
			buildActionMask = 2147483647;
			files = (
				BF7AE9342429DC2000C1736F /* Assets.xcassets in Resources */,
				BF7AE9372429DC2000C1736F /* Main.storyboard in Resources */,
			);
			runOnlyForDeploymentPostprocessing = 0;
		};
		BF7AE93C2429DC2000C1736F /* Resources */ = {
			isa = PBXResourcesBuildPhase;
			buildActionMask = 2147483647;
			files = (
			);
			runOnlyForDeploymentPostprocessing = 0;
		};
		BF7AE9472429DC2000C1736F /* Resources */ = {
			isa = PBXResourcesBuildPhase;
			buildActionMask = 2147483647;
			files = (
			);
			runOnlyForDeploymentPostprocessing = 0;
		};
/* End PBXResourcesBuildPhase section */

/* Begin PBXSourcesBuildPhase section */
		BF7AE9282429DC1F00C1736F /* Sources */ = {
			isa = PBXSourcesBuildPhase;
			buildActionMask = 2147483647;
			files = (
				BF7AE9322429DC1F00C1736F /* ViewController.swift in Sources */,
				BF7AE9302429DC1F00C1736F /* AppDelegate.swift in Sources */,
			);
			runOnlyForDeploymentPostprocessing = 0;
		};
		BF7AE93A2429DC2000C1736F /* Sources */ = {
			isa = PBXSourcesBuildPhase;
			buildActionMask = 2147483647;
			files = (
				BF7AE9432429DC2000C1736F /* HelloWorldTests.swift in Sources */,
			);
			runOnlyForDeploymentPostprocessing = 0;
		};
		BF7AE9452429DC2000C1736F /* Sources */ = {
			isa = PBXSourcesBuildPhase;
			buildActionMask = 2147483647;
			files = (
				BF7AE94E2429DC2000C1736F /* HelloWorldUITests.swift in Sources */,
			);
			runOnlyForDeploymentPostprocessing = 0;
		};
/* End PBXSourcesBuildPhase section */

/* Begin PBXTargetDependency section */
		BF7AE9402429DC2000C1736F /* PBXTargetDependency */ = {
			isa = PBXTargetDependency;
			target = BF7AE92B2429DC1F00C1736F /* HelloWorld */;
			targetProxy = BF7AE93F2429DC2000C1736F /* PBXContainerItemProxy */;
		};
		BF7AE94B2429DC2000C1736F /* PBXTargetDependency */ = {
			isa = PBXTargetDependency;
			target = BF7AE92B2429DC1F00C1736F /* HelloWorld */;
			targetProxy = BF7AE94A2429DC2000C1736F /* PBXContainerItemProxy */;
		};
/* End PBXTargetDependency section */

/* Begin PBXVariantGroup section */
		BF7AE9352429DC2000C1736F /* Main.storyboard */ = {
			isa = PBXVariantGroup;
			children = (
				BF7AE9362429DC2000C1736F /* Base */,
			);
			name = Main.storyboard;
			sourceTree = "<group>";
		};
/* End PBXVariantGroup section */

/* Begin XCBuildConfiguration section */
		BF7AE9502429DC2000C1736F /* Debug */ = {
			isa = XCBuildConfiguration;
			buildSettings = {
				ALWAYS_SEARCH_USER_PATHS = NO;
				CLANG_ANALYZER_NONNULL = YES;
				CLANG_ANALYZER_NUMBER_OBJECT_CONVERSION = YES_AGGRESSIVE;
				CLANG_CXX_LANGUAGE_STANDARD = "gnu++14";
				CLANG_CXX_LIBRARY = "libc++";
				CLANG_ENABLE_MODULES = YES;
				CLANG_ENABLE_OBJC_ARC = YES;
				CLANG_ENABLE_OBJC_WEAK = YES;
				CLANG_WARN_BLOCK_CAPTURE_AUTORELEASING = YES;
				CLANG_WARN_BOOL_CONVERSION = YES;
				CLANG_WARN_COMMA = YES;
				CLANG_WARN_CONSTANT_CONVERSION = YES;
				CLANG_WARN_DEPRECATED_OBJC_IMPLEMENTATIONS = YES;
				CLANG_WARN_DIRECT_OBJC_ISA_USAGE = YES_ERROR;
				CLANG_WARN_DOCUMENTATION_COMMENTS = YES;
				CLANG_WARN_EMPTY_BODY = YES;
				CLANG_WARN_ENUM_CONVERSION = YES;
				CLANG_WARN_INFINITE_RECURSION = YES;
				CLANG_WARN_INT_CONVERSION = YES;
				CLANG_WARN_NON_LITERAL_NULL_CONVERSION = YES;
				CLANG_WARN_OBJC_IMPLICIT_RETAIN_SELF = YES;
				CLANG_WARN_OBJC_LITERAL_CONVERSION = YES;
				CLANG_WARN_OBJC_ROOT_CLASS = YES_ERROR;
				CLANG_WARN_RANGE_LOOP_ANALYSIS = YES;
				CLANG_WARN_STRICT_PROTOTYPES = YES;
				CLANG_WARN_SUSPICIOUS_MOVE = YES;
				CLANG_WARN_UNGUARDED_AVAILABILITY = YES_AGGRESSIVE;
				CLANG_WARN_UNREACHABLE_CODE = YES;
				CLANG_WARN__DUPLICATE_METHOD_MATCH = YES;
				COPY_PHASE_STRIP = NO;
				DEBUG_INFORMATION_FORMAT = dwarf;
				ENABLE_STRICT_OBJC_MSGSEND = YES;
				ENABLE_TESTABILITY = YES;
				GCC_C_LANGUAGE_STANDARD = gnu11;
				GCC_DYNAMIC_NO_PIC = NO;
				GCC_NO_COMMON_BLOCKS = YES;
				GCC_OPTIMIZATION_LEVEL = 0;
				GCC_PREPROCESSOR_DEFINITIONS = (
					"DEBUG=1",
					"$(inherited)",
				);
				GCC_WARN_64_TO_32_BIT_CONVERSION = YES;
				GCC_WARN_ABOUT_RETURN_TYPE = YES_ERROR;
				GCC_WARN_UNDECLARED_SELECTOR = YES;
				GCC_WARN_UNINITIALIZED_AUTOS = YES_AGGRESSIVE;
				GCC_WARN_UNUSED_FUNCTION = YES;
				GCC_WARN_UNUSED_VARIABLE = YES;
				MACOSX_DEPLOYMENT_TARGET = 10.15;
				MTL_ENABLE_DEBUG_INFO = INCLUDE_SOURCE;
				MTL_FAST_MATH = YES;
				ONLY_ACTIVE_ARCH = YES;
				SDKROOT = macosx;
				SWIFT_ACTIVE_COMPILATION_CONDITIONS = DEBUG;
				SWIFT_OPTIMIZATION_LEVEL = "-Onone";
			};
			name = Debug;
		};
		BF7AE9512429DC2000C1736F /* Release */ = {
			isa = XCBuildConfiguration;
			buildSettings = {
				ALWAYS_SEARCH_USER_PATHS = NO;
				CLANG_ANALYZER_NONNULL = YES;
				CLANG_ANALYZER_NUMBER_OBJECT_CONVERSION = YES_AGGRESSIVE;
				CLANG_CXX_LANGUAGE_STANDARD = "gnu++14";
				CLANG_CXX_LIBRARY = "libc++";
				CLANG_ENABLE_MODULES = YES;
				CLANG_ENABLE_OBJC_ARC = YES;
				CLANG_ENABLE_OBJC_WEAK = YES;
				CLANG_WARN_BLOCK_CAPTURE_AUTORELEASING = YES;
				CLANG_WARN_BOOL_CONVERSION = YES;
				CLANG_WARN_COMMA = YES;
				CLANG_WARN_CONSTANT_CONVERSION = YES;
				CLANG_WARN_DEPRECATED_OBJC_IMPLEMENTATIONS = YES;
				CLANG_WARN_DIRECT_OBJC_ISA_USAGE = YES_ERROR;
				CLANG_WARN_DOCUMENTATION_COMMENTS = YES;
				CLANG_WARN_EMPTY_BODY = YES;
				CLANG_WARN_ENUM_CONVERSION = YES;
				CLANG_WARN_INFINITE_RECURSION = YES;
				CLANG_WARN_INT_CONVERSION = YES;
				CLANG_WARN_NON_LITERAL_NULL_CONVERSION = YES;
				CLANG_WARN_OBJC_IMPLICIT_RETAIN_SELF = YES;
				CLANG_WARN_OBJC_LITERAL_CONVERSION = YES;
				CLANG_WARN_OBJC_ROOT_CLASS = YES_ERROR;
				CLANG_WARN_RANGE_LOOP_ANALYSIS = YES;
				CLANG_WARN_STRICT_PROTOTYPES = YES;
				CLANG_WARN_SUSPICIOUS_MOVE = YES;
				CLANG_WARN_UNGUARDED_AVAILABILITY = YES_AGGRESSIVE;
				CLANG_WARN_UNREACHABLE_CODE = YES;
				CLANG_WARN__DUPLICATE_METHOD_MATCH = YES;
				COPY_PHASE_STRIP = NO;
				DEBUG_INFORMATION_FORMAT = "dwarf-with-dsym";
				ENABLE_NS_ASSERTIONS = NO;
				ENABLE_STRICT_OBJC_MSGSEND = YES;
				GCC_C_LANGUAGE_STANDARD = gnu11;
				GCC_NO_COMMON_BLOCKS = YES;
				GCC_WARN_64_TO_32_BIT_CONVERSION = YES;
				GCC_WARN_ABOUT_RETURN_TYPE = YES_ERROR;
				GCC_WARN_UNDECLARED_SELECTOR = YES;
				GCC_WARN_UNINITIALIZED_AUTOS = YES_AGGRESSIVE;
				GCC_WARN_UNUSED_FUNCTION = YES;
				GCC_WARN_UNUSED_VARIABLE = YES;
				MACOSX_DEPLOYMENT_TARGET = 10.15;
				MTL_ENABLE_DEBUG_INFO = NO;
				MTL_FAST_MATH = YES;
				SDKROOT = macosx;
				SWIFT_COMPILATION_MODE = wholemodule;
				SWIFT_OPTIMIZATION_LEVEL = "-O";
			};
			name = Release;
		};
		BF7AE9532429DC2000C1736F /* Debug */ = {
			isa = XCBuildConfiguration;
			buildSettings = {
				ASSETCATALOG_COMPILER_APPICON_NAME = AppIcon;
				CODE_SIGN_ENTITLEMENTS = HelloWorld/HelloWorld.entitlements;
				CODE_SIGN_STYLE = Automatic;
				COMBINE_HIDPI_IMAGES = YES;
				DEVELOPMENT_TEAM = 4XP6U9X87N;
				ENABLE_HARDENED_RUNTIME = YES;
				INFOPLIST_FILE = HelloWorld/Info.plist;
				LD_RUNPATH_SEARCH_PATHS = (
					"$(inherited)",
					"@executable_path/../Frameworks",
				);
				PRODUCT_BUNDLE_IDENTIFIER = com.etiantian.HelloWorld;
				PRODUCT_NAME = "$(TARGET_NAME)";
				SWIFT_VERSION = 5.0;
			};
			name = Debug;
		};
		BF7AE9542429DC2000C1736F /* Release */ = {
			isa = XCBuildConfiguration;
			buildSettings = {
				ASSETCATALOG_COMPILER_APPICON_NAME = AppIcon;
				CODE_SIGN_ENTITLEMENTS = HelloWorld/HelloWorld.entitlements;
				CODE_SIGN_STYLE = Automatic;
				COMBINE_HIDPI_IMAGES = YES;
				DEVELOPMENT_TEAM = 4XP6U9X87N;
				ENABLE_HARDENED_RUNTIME = YES;
				INFOPLIST_FILE = HelloWorld/Info.plist;
				LD_RUNPATH_SEARCH_PATHS = (
					"$(inherited)",
					"@executable_path/../Frameworks",
				);
				PRODUCT_BUNDLE_IDENTIFIER = com.etiantian.HelloWorld;
				PRODUCT_NAME = "$(TARGET_NAME)";
				SWIFT_VERSION = 5.0;
			};
			name = Release;
		};
		BF7AE9562429DC2000C1736F /* Debug */ = {
			isa = XCBuildConfiguration;
			buildSettings = {
				ALWAYS_EMBED_SWIFT_STANDARD_LIBRARIES = YES;
				BUNDLE_LOADER = "$(TEST_HOST)";
				CODE_SIGN_STYLE = Automatic;
				COMBINE_HIDPI_IMAGES = YES;
				DEVELOPMENT_TEAM = 4XP6U9X87N;
				INFOPLIST_FILE = HelloWorldTests/Info.plist;
				LD_RUNPATH_SEARCH_PATHS = (
					"$(inherited)",
					"@executable_path/../Frameworks",
					"@loader_path/../Frameworks",
				);
				MACOSX_DEPLOYMENT_TARGET = 10.15;
				PRODUCT_BUNDLE_IDENTIFIER = com.etiantian.HelloWorldTests;
				PRODUCT_NAME = "$(TARGET_NAME)";
				SWIFT_VERSION = 5.0;
				TEST_HOST = "$(BUILT_PRODUCTS_DIR)/HelloWorld.app/Contents/MacOS/HelloWorld";
			};
			name = Debug;
		};
		BF7AE9572429DC2000C1736F /* Release */ = {
			isa = XCBuildConfiguration;
			buildSettings = {
				ALWAYS_EMBED_SWIFT_STANDARD_LIBRARIES = YES;
				BUNDLE_LOADER = "$(TEST_HOST)";
				CODE_SIGN_STYLE = Automatic;
				COMBINE_HIDPI_IMAGES = YES;
				DEVELOPMENT_TEAM = 4XP6U9X87N;
				INFOPLIST_FILE = HelloWorldTests/Info.plist;
				LD_RUNPATH_SEARCH_PATHS = (
					"$(inherited)",
					"@executable_path/../Frameworks",
					"@loader_path/../Frameworks",
				);
				MACOSX_DEPLOYMENT_TARGET = 10.15;
				PRODUCT_BUNDLE_IDENTIFIER = com.etiantian.HelloWorldTests;
				PRODUCT_NAME = "$(TARGET_NAME)";
				SWIFT_VERSION = 5.0;
				TEST_HOST = "$(BUILT_PRODUCTS_DIR)/HelloWorld.app/Contents/MacOS/HelloWorld";
			};
			name = Release;
		};
		BF7AE9592429DC2000C1736F /* Debug */ = {
			isa = XCBuildConfiguration;
			buildSettings = {
				ALWAYS_EMBED_SWIFT_STANDARD_LIBRARIES = YES;
				CODE_SIGN_STYLE = Automatic;
				COMBINE_HIDPI_IMAGES = YES;
				DEVELOPMENT_TEAM = 4XP6U9X87N;
				INFOPLIST_FILE = HelloWorldUITests/Info.plist;
				LD_RUNPATH_SEARCH_PATHS = (
					"$(inherited)",
					"@executable_path/../Frameworks",
					"@loader_path/../Frameworks",
				);
				PRODUCT_BUNDLE_IDENTIFIER = com.etiantian.HelloWorldUITests;
				PRODUCT_NAME = "$(TARGET_NAME)";
				SWIFT_VERSION = 5.0;
				TEST_TARGET_NAME = HelloWorld;
			};
			name = Debug;
		};
		BF7AE95A2429DC2000C1736F /* Release */ = {
			isa = XCBuildConfiguration;
			buildSettings = {
				ALWAYS_EMBED_SWIFT_STANDARD_LIBRARIES = YES;
				CODE_SIGN_STYLE = Automatic;
				COMBINE_HIDPI_IMAGES = YES;
				DEVELOPMENT_TEAM = 4XP6U9X87N;
				INFOPLIST_FILE = HelloWorldUITests/Info.plist;
				LD_RUNPATH_SEARCH_PATHS = (
					"$(inherited)",
					"@executable_path/../Frameworks",
					"@loader_path/../Frameworks",
				);
				PRODUCT_BUNDLE_IDENTIFIER = com.etiantian.HelloWorldUITests;
				PRODUCT_NAME = "$(TARGET_NAME)";
				SWIFT_VERSION = 5.0;
				TEST_TARGET_NAME = HelloWorld;
			};
			name = Release;
		};
/* End XCBuildConfiguration section */

/* Begin XCConfigurationList section */
		BF7AE9272429DC1F00C1736F /* Build configuration list for PBXProject "HelloWorld" */ = {
			isa = XCConfigurationList;
			buildConfigurations = (
				BF7AE9502429DC2000C1736F /* Debug */,
				BF7AE9512429DC2000C1736F /* Release */,
			);
			defaultConfigurationIsVisible = 0;
			defaultConfigurationName = Release;
		};
		BF7AE9522429DC2000C1736F /* Build configuration list for PBXNativeTarget "HelloWorld" */ = {
			isa = XCConfigurationList;
			buildConfigurations = (
				BF7AE9532429DC2000C1736F /* Debug */,
				BF7AE9542429DC2000C1736F /* Release */,
			);
			defaultConfigurationIsVisible = 0;
			defaultConfigurationName = Release;
		};
		BF7AE9552429DC2000C1736F /* Build configuration list for PBXNativeTarget "HelloWorldTests" */ = {
			isa = XCConfigurationList;
			buildConfigurations = (
				BF7AE9562429DC2000C1736F /* Debug */,
				BF7AE9572429DC2000C1736F /* Release */,
			);
			defaultConfigurationIsVisible = 0;
			defaultConfigurationName = Release;
		};
		BF7AE9582429DC2000C1736F /* Build configuration list for PBXNativeTarget "HelloWorldUITests" */ = {
			isa = XCConfigurationList;
			buildConfigurations = (
				BF7AE9592429DC2000C1736F /* Debug */,
				BF7AE95A2429DC2000C1736F /* Release */,
			);
			defaultConfigurationIsVisible = 0;
			defaultConfigurationName = Release;
		};
/* End XCConfigurationList section */
	};
	rootObject = BF7AE9242429DC1F00C1736F /* Project object */;
}
